// !$*UTF8*$!
{
	archiveVersion = 1;
	classes = {
	};
	objectVersion = 55;
	objects = {

/* Begin PBXBuildFile section */
		04325FFB2A6F75A800AFCF55 /* Pretendard-Medium.otf in Resources */ = {isa = PBXBuildFile; fileRef = 04325FF22A6F75A400AFCF55 /* Pretendard-Medium.otf */; };
		04325FFC2A6F75A800AFCF55 /* Pretendard-Bold.otf in Resources */ = {isa = PBXBuildFile; fileRef = 04325FF32A6F75A500AFCF55 /* Pretendard-Bold.otf */; };
		04325FFD2A6F75A800AFCF55 /* Pretendard-Black.otf in Resources */ = {isa = PBXBuildFile; fileRef = 04325FF42A6F75A500AFCF55 /* Pretendard-Black.otf */; };
		04325FFE2A6F75A800AFCF55 /* Pretendard-ExtraLight.otf in Resources */ = {isa = PBXBuildFile; fileRef = 04325FF52A6F75A600AFCF55 /* Pretendard-ExtraLight.otf */; };
		04325FFF2A6F75A800AFCF55 /* Pretendard-SemiBold.otf in Resources */ = {isa = PBXBuildFile; fileRef = 04325FF62A6F75A600AFCF55 /* Pretendard-SemiBold.otf */; };
		043260002A6F75A800AFCF55 /* Pretendard-Light.otf in Resources */ = {isa = PBXBuildFile; fileRef = 04325FF72A6F75A700AFCF55 /* Pretendard-Light.otf */; };
		043260012A6F75A800AFCF55 /* Pretendard-Thin.otf in Resources */ = {isa = PBXBuildFile; fileRef = 04325FF82A6F75A700AFCF55 /* Pretendard-Thin.otf */; };
		043260022A6F75A800AFCF55 /* Pretendard-Regular.otf in Resources */ = {isa = PBXBuildFile; fileRef = 04325FF92A6F75A800AFCF55 /* Pretendard-Regular.otf */; };
		043260032A6F75A800AFCF55 /* Pretendard-ExtraBold.otf in Resources */ = {isa = PBXBuildFile; fileRef = 04325FFA2A6F75A800AFCF55 /* Pretendard-ExtraBold.otf */; };
		043260092A6F8A2D00AFCF55 /* MyInfoViewController1.swift in Sources */ = {isa = PBXBuildFile; fileRef = 043260082A6F8A2D00AFCF55 /* MyInfoViewController1.swift */; };
		0432600B2A6F8A3500AFCF55 /* MyInfoViewController2.swift in Sources */ = {isa = PBXBuildFile; fileRef = 0432600A2A6F8A3500AFCF55 /* MyInfoViewController2.swift */; };
		043A65FE29C44A8C00311A47 /* ProfileViewController.swift in Sources */ = {isa = PBXBuildFile; fileRef = 043A65FD29C44A8C00311A47 /* ProfileViewController.swift */; };
		046A552F2A8FDB4300D68CF9 /* FirebaseAnalytics in Frameworks */ = {isa = PBXBuildFile; productRef = 046A552E2A8FDB4300D68CF9 /* FirebaseAnalytics */; };
		046A55312A8FDB4300D68CF9 /* FirebaseAppCheck in Frameworks */ = {isa = PBXBuildFile; productRef = 046A55302A8FDB4300D68CF9 /* FirebaseAppCheck */; };
		046A55332A8FDB4300D68CF9 /* FirebaseAuth in Frameworks */ = {isa = PBXBuildFile; productRef = 046A55322A8FDB4300D68CF9 /* FirebaseAuth */; };
		046A55352A8FDB4300D68CF9 /* FirebaseDatabase in Frameworks */ = {isa = PBXBuildFile; productRef = 046A55342A8FDB4300D68CF9 /* FirebaseDatabase */; };
		046A55372A8FDB4300D68CF9 /* FirebaseDatabaseSwift in Frameworks */ = {isa = PBXBuildFile; productRef = 046A55362A8FDB4300D68CF9 /* FirebaseDatabaseSwift */; };
		046A55392A8FDB4300D68CF9 /* FirebaseFirestore in Frameworks */ = {isa = PBXBuildFile; productRef = 046A55382A8FDB4300D68CF9 /* FirebaseFirestore */; };
		046A553B2A8FDB4300D68CF9 /* FirebaseFirestoreSwift in Frameworks */ = {isa = PBXBuildFile; productRef = 046A553A2A8FDB4300D68CF9 /* FirebaseFirestoreSwift */; };
		046A553D2A8FDB4300D68CF9 /* FirebaseStorage in Frameworks */ = {isa = PBXBuildFile; productRef = 046A553C2A8FDB4300D68CF9 /* FirebaseStorage */; };
		046A55452A8FDC1300D68CF9 /* SDWebImage in Frameworks */ = {isa = PBXBuildFile; productRef = 046A55442A8FDC1300D68CF9 /* SDWebImage */; };
		04D2B3572A6828F000C9B157 /* BasePaddingLabel.swift in Sources */ = {isa = PBXBuildFile; fileRef = 04D2B3562A6828EF00C9B157 /* BasePaddingLabel.swift */; };
		27812361A6D0DA1C406BECE6 /* Pods_ExodusEnt.framework in Frameworks */ = {isa = PBXBuildFile; fileRef = B0977C85DB3513AB4F9A85B7 /* Pods_ExodusEnt.framework */; };
		8FE8BA4318C3B3A97E0E3144 /* Pods_ExodusEnt_ExodusEntUITests.framework in Frameworks */ = {isa = PBXBuildFile; fileRef = 6CDCB939DA69937CDD235136 /* Pods_ExodusEnt_ExodusEntUITests.framework */; };
		AE976B2B607CC9AE2B51D0ED /* Pods_ExodusEntTests.framework in Frameworks */ = {isa = PBXBuildFile; fileRef = 63ADE6B6E9530306DE149D37 /* Pods_ExodusEntTests.framework */; };
		E306721F2902849300E441BD /* checking.svg in Resources */ = {isa = PBXBuildFile; fileRef = E306721E2902849300E441BD /* checking.svg */; };
		E326166628E53AA600615808 /* checBox.svg in Resources */ = {isa = PBXBuildFile; fileRef = E326166528E53AA500615808 /* checBox.svg */; };
		E3319524294AF5DE0035D27E /* segment.swift in Sources */ = {isa = PBXBuildFile; fileRef = E3319523294AF5DE0035D27E /* segment.swift */; };
		E331952C294C10D50035D27E /* bronze.svg in Resources */ = {isa = PBXBuildFile; fileRef = E3319528294C10D50035D27E /* bronze.svg */; };
		E331952D294C10D50035D27E /* silver.svg in Resources */ = {isa = PBXBuildFile; fileRef = E3319529294C10D50035D27E /* silver.svg */; };
		E331952E294C10D50035D27E /* gold.svg in Resources */ = {isa = PBXBuildFile; fileRef = E331952A294C10D50035D27E /* gold.svg */; };
		E3319530294C11490035D27E /* heart.svg in Resources */ = {isa = PBXBuildFile; fileRef = E331952F294C11490035D27E /* heart.svg */; };
		E335177C28FE9A6A001B7D2B /* RangKingViewController.swift in Sources */ = {isa = PBXBuildFile; fileRef = E335177B28FE9A6A001B7D2B /* RangKingViewController.swift */; };
		E3379402291E54DD00EEA917 /* ExodusIcon.png in Resources */ = {isa = PBXBuildFile; fileRef = E3379401291E54DC00EEA917 /* ExodusIcon.png */; };
		E33882A128F935F5003311C4 /* LoveIdolViewController.swift in Sources */ = {isa = PBXBuildFile; fileRef = E33882A028F935F5003311C4 /* LoveIdolViewController.swift */; };
		E33882A628F9414B003311C4 /* version.svg in Resources */ = {isa = PBXBuildFile; fileRef = E33882A228F9414B003311C4 /* version.svg */; };
		E33882A728F9414B003311C4 /* dir.svg in Resources */ = {isa = PBXBuildFile; fileRef = E33882A328F9414B003311C4 /* dir.svg */; };
		E33882A828F9414B003311C4 /* data.svg in Resources */ = {isa = PBXBuildFile; fileRef = E33882A428F9414B003311C4 /* data.svg */; };
		E33882A928F9414B003311C4 /* camera.svg in Resources */ = {isa = PBXBuildFile; fileRef = E33882A528F9414B003311C4 /* camera.svg */; };
		E33882AB28F941AF003311C4 /* sms.svg in Resources */ = {isa = PBXBuildFile; fileRef = E33882AA28F941AF003311C4 /* sms.svg */; };
		E33882AD28F9579B003311C4 /* white.png in Resources */ = {isa = PBXBuildFile; fileRef = E33882AC28F9579B003311C4 /* white.png */; };
		E33882AF28FD4A6C003311C4 /* location.csv in Resources */ = {isa = PBXBuildFile; fileRef = E33882AE28FD4A6C003311C4 /* location.csv */; };
		E3486E4D28E153E0000A4F5A /* apple.svg in Resources */ = {isa = PBXBuildFile; fileRef = E3486E4A28E153E0000A4F5A /* apple.svg */; };
		E3486E4F28E153E0000A4F5A /* google.svg in Resources */ = {isa = PBXBuildFile; fileRef = E3486E4C28E153E0000A4F5A /* google.svg */; };
		E3486E5528E1549D000A4F5A /* kakao.svg in Resources */ = {isa = PBXBuildFile; fileRef = E3486E5428E1549D000A4F5A /* kakao.svg */; };
		E349842828E2888E0005A55A /* GoogleService-Info.plist in Resources */ = {isa = PBXBuildFile; fileRef = E349842728E2888E0005A55A /* GoogleService-Info.plist */; };
		E349846328E29C7D0005A55A /* AgreementViewController.swift in Sources */ = {isa = PBXBuildFile; fileRef = E349846228E29C7D0005A55A /* AgreementViewController.swift */; };
		E34C999828E5861600217BCD /* arrow.svg in Resources */ = {isa = PBXBuildFile; fileRef = E34C999728E5861600217BCD /* arrow.svg */; };
		E34C999A28E589BB00217BCD /* SearchBarViewController.swift in Sources */ = {isa = PBXBuildFile; fileRef = E34C999928E589BA00217BCD /* SearchBarViewController.swift */; };
		E351A3F4294718E500BDB677 /* TabBarViewController.swift in Sources */ = {isa = PBXBuildFile; fileRef = E351A3F3294718E500BDB677 /* TabBarViewController.swift */; };
		E351A3F629498D7600BDB677 /* ContentsViewController.swift in Sources */ = {isa = PBXBuildFile; fileRef = E351A3F529498D7500BDB677 /* ContentsViewController.swift */; };
		E351A3F829498DC300BDB677 /* MyInfoViewController.swift in Sources */ = {isa = PBXBuildFile; fileRef = E351A3F729498DC300BDB677 /* MyInfoViewController.swift */; };
		E35718D6293F029C009B2910 /* TableCell.swift in Sources */ = {isa = PBXBuildFile; fileRef = E35718D5293F029C009B2910 /* TableCell.swift */; };
		E35718D9293F08D2009B2910 /* blackpink.svg in Resources */ = {isa = PBXBuildFile; fileRef = E35718D8293F08D2009B2910 /* blackpink.svg */; };
		E36869C72952C3D500269401 /* arrow_right.svg in Resources */ = {isa = PBXBuildFile; fileRef = E36869C62952C3D500269401 /* arrow_right.svg */; };
		E36869C92952D3A200269401 /* BoySoloTableCell.swift in Sources */ = {isa = PBXBuildFile; fileRef = E36869C82952D3A200269401 /* BoySoloTableCell.swift */; };
		E36869CB2952D3B700269401 /* GireSoloTableCell.swift in Sources */ = {isa = PBXBuildFile; fileRef = E36869CA2952D3B600269401 /* GireSoloTableCell.swift */; };
		E36869CD2952D3D800269401 /* BoyGroupTableCell.swift in Sources */ = {isa = PBXBuildFile; fileRef = E36869CC2952D3D800269401 /* BoyGroupTableCell.swift */; };
		E36869CF2952D3EA00269401 /* GireGroupTableCell.swift in Sources */ = {isa = PBXBuildFile; fileRef = E36869CE2952D3EA00269401 /* GireGroupTableCell.swift */; };
		E36869D12952DAB800269401 /* ContentCell.swift in Sources */ = {isa = PBXBuildFile; fileRef = E36869D02952DAB800269401 /* ContentCell.swift */; };
		E36D9BC928C712FB008F7515 /* AppDelegate.swift in Sources */ = {isa = PBXBuildFile; fileRef = E36D9BC828C712FB008F7515 /* AppDelegate.swift */; };
		E36D9BCB28C712FB008F7515 /* SceneDelegate.swift in Sources */ = {isa = PBXBuildFile; fileRef = E36D9BCA28C712FB008F7515 /* SceneDelegate.swift */; };
		E36D9BD028C712FB008F7515 /* Main.storyboard in Resources */ = {isa = PBXBuildFile; fileRef = E36D9BCE28C712FB008F7515 /* Main.storyboard */; };
		E36D9BD228C712FD008F7515 /* Assets.xcassets in Resources */ = {isa = PBXBuildFile; fileRef = E36D9BD128C712FD008F7515 /* Assets.xcassets */; };
		E36D9BD528C712FD008F7515 /* LaunchScreen.storyboard in Resources */ = {isa = PBXBuildFile; fileRef = E36D9BD328C712FD008F7515 /* LaunchScreen.storyboard */; };
		E36D9BE028C712FD008F7515 /* ExodusEntTests.swift in Sources */ = {isa = PBXBuildFile; fileRef = E36D9BDF28C712FD008F7515 /* ExodusEntTests.swift */; };
		E36D9BEA28C712FD008F7515 /* ExodusEntUITests.swift in Sources */ = {isa = PBXBuildFile; fileRef = E36D9BE928C712FD008F7515 /* ExodusEntUITests.swift */; };
		E36D9BEC28C712FD008F7515 /* ExodusEntUITestsLaunchTests.swift in Sources */ = {isa = PBXBuildFile; fileRef = E36D9BEB28C712FD008F7515 /* ExodusEntUITestsLaunchTests.swift */; };
		E36D9BF928C7155B008F7515 /* SignUpViewController.swift in Sources */ = {isa = PBXBuildFile; fileRef = E36D9BF828C7155B008F7515 /* SignUpViewController.swift */; };
		E387A4C328E6C15700DB3471 /* ListViewController.swift in Sources */ = {isa = PBXBuildFile; fileRef = E387A4C228E6C15700DB3471 /* ListViewController.swift */; };
		E387A4C528E6C1FC00DB3471 /* union.svg in Resources */ = {isa = PBXBuildFile; fileRef = E387A4C428E6C1FC00DB3471 /* union.svg */; };
		E387A4C928E6C4D000DB3471 /* search.svg in Resources */ = {isa = PBXBuildFile; fileRef = E387A4C628E6C4D000DB3471 /* search.svg */; };
		E387A4CA28E6C4D000DB3471 /* myPrivacy.svg in Resources */ = {isa = PBXBuildFile; fileRef = E387A4C728E6C4D000DB3471 /* myPrivacy.svg */; };
		E387A4CB28E6C4D000DB3471 /* alert.svg in Resources */ = {isa = PBXBuildFile; fileRef = E387A4C828E6C4D000DB3471 /* alert.svg */; };
		E388A61F28E560E500B858E7 /* NickNameViewController.swift in Sources */ = {isa = PBXBuildFile; fileRef = E388A61E28E560E500B858E7 /* NickNameViewController.swift */; };
		E38D03BD28FFBD4C00C30649 /* rangking_off.svg in Resources */ = {isa = PBXBuildFile; fileRef = E38D03B928FFBD4C00C30649 /* rangking_off.svg */; };
		E38D03BE28FFBD4C00C30649 /* privacy_off.svg in Resources */ = {isa = PBXBuildFile; fileRef = E38D03BA28FFBD4C00C30649 /* privacy_off.svg */; };
		E38D03BF28FFBD4C00C30649 /* home.svg in Resources */ = {isa = PBXBuildFile; fileRef = E38D03BB28FFBD4C00C30649 /* home.svg */; };
		E38D03C028FFBD4C00C30649 /* content_off.svg in Resources */ = {isa = PBXBuildFile; fileRef = E38D03BC28FFBD4C00C30649 /* content_off.svg */; };
		E38D03C628FFCEDC00C30649 /* MainViewController.swift in Sources */ = {isa = PBXBuildFile; fileRef = E38D03C528FFCEDC00C30649 /* MainViewController.swift */; };
		E38D03C928FFE47600C30649 /* newjeans2.png in Resources */ = {isa = PBXBuildFile; fileRef = E38D03C728FFE47500C30649 /* newjeans2.png */; };
		E38D03CC28FFE62900C30649 /* newjeans3.png in Resources */ = {isa = PBXBuildFile; fileRef = E38D03CB28FFE62900C30649 /* newjeans3.png */; };
		E38D03D12900D5A800C30649 /* rangking.svg in Resources */ = {isa = PBXBuildFile; fileRef = E38D03CD2900D5A700C30649 /* rangking.svg */; };
		E38D03D22900D5A800C30649 /* content.svg in Resources */ = {isa = PBXBuildFile; fileRef = E38D03CE2900D5A700C30649 /* content.svg */; };
		E38D03D32900D5A800C30649 /* home_off.svg in Resources */ = {isa = PBXBuildFile; fileRef = E38D03CF2900D5A800C30649 /* home_off.svg */; };
		E38D03D42900D5A800C30649 /* privacy.svg in Resources */ = {isa = PBXBuildFile; fileRef = E38D03D02900D5A800C30649 /* privacy.svg */; };
		E394353E294C2C890070E597 /* InstarGramViewController.swift in Sources */ = {isa = PBXBuildFile; fileRef = E394353D294C2C890070E597 /* InstarGramViewController.swift */; };
		E3943540294C2C9A0070E597 /* TwiterViewController.swift in Sources */ = {isa = PBXBuildFile; fileRef = E394353F294C2C9A0070E597 /* TwiterViewController.swift */; };
		E3943542294C2CB60070E597 /* NaverViewController.swift in Sources */ = {isa = PBXBuildFile; fileRef = E3943541294C2CB60070E597 /* NaverViewController.swift */; };
		E3943544294C2CCD0070E597 /* KakaoViewController.swift in Sources */ = {isa = PBXBuildFile; fileRef = E3943543294C2CCD0070E597 /* KakaoViewController.swift */; };
		E394354B294C5BED0070E597 /* NewsSegmented.swift in Sources */ = {isa = PBXBuildFile; fileRef = E394354A294C5BED0070E597 /* NewsSegmented.swift */; };
		E394354F294FEA710070E597 /* benner_3.jpeg in Resources */ = {isa = PBXBuildFile; fileRef = E394354C294FEA700070E597 /* benner_3.jpeg */; };
		E3943550294FEA710070E597 /* benner_1.jpeg in Resources */ = {isa = PBXBuildFile; fileRef = E394354D294FEA710070E597 /* benner_1.jpeg */; };
		E3943551294FEA710070E597 /* benner_2.jpeg in Resources */ = {isa = PBXBuildFile; fileRef = E394354E294FEA710070E597 /* benner_2.jpeg */; };
		E39B852428FF9DCF0060C346 /* newjeans.png in Resources */ = {isa = PBXBuildFile; fileRef = E39B852328FF9DCF0060C346 /* newjeans.png */; };
		E39C77D22950272500871C95 /* MainBannerCell.swift in Sources */ = {isa = PBXBuildFile; fileRef = E39C77D12950272500871C95 /* MainBannerCell.swift */; };
		E39C77D42950273D00871C95 /* BannerCell.swift in Sources */ = {isa = PBXBuildFile; fileRef = E39C77D32950273D00871C95 /* BannerCell.swift */; };
		E39C77D62950323200871C95 /* MainBannerViewController.swift in Sources */ = {isa = PBXBuildFile; fileRef = E39C77D52950323200871C95 /* MainBannerViewController.swift */; };
		E3A800D12941CB8B008F023F /* ReferralCodeViewController.swift in Sources */ = {isa = PBXBuildFile; fileRef = E3A800D02941CB8B008F023F /* ReferralCodeViewController.swift */; };
		E3A800D52946B27B008F023F /* CountyViewController.swift in Sources */ = {isa = PBXBuildFile; fileRef = E3A800D42946B27B008F023F /* CountyViewController.swift */; };
		E3ABA518290274D300C1A2F4 /* SoloboyViewController.swift in Sources */ = {isa = PBXBuildFile; fileRef = E3ABA517290274D300C1A2F4 /* SoloboyViewController.swift */; };
		E3ABA51A2902753400C1A2F4 /* SoloGireViewController.swift in Sources */ = {isa = PBXBuildFile; fileRef = E3ABA5192902753400C1A2F4 /* SoloGireViewController.swift */; };
		E3ABA51C2902757400C1A2F4 /* GroupBoyViewController.swift in Sources */ = {isa = PBXBuildFile; fileRef = E3ABA51B2902757400C1A2F4 /* GroupBoyViewController.swift */; };
		E3ABA51E2902758B00C1A2F4 /* GroupGireViewController.swift in Sources */ = {isa = PBXBuildFile; fileRef = E3ABA51D2902758B00C1A2F4 /* GroupGireViewController.swift */; };
		E3E1905429528B1C00278040 /* arrow-right.svg in Resources */ = {isa = PBXBuildFile; fileRef = E3E1905329528B1C00278040 /* arrow-right.svg */; };
		E3E1905729528D8A00278040 /* diamond.svg in Resources */ = {isa = PBXBuildFile; fileRef = E3E1905529528D8900278040 /* diamond.svg */; };
		E3E1905829528D8A00278040 /* heart_fill.svg in Resources */ = {isa = PBXBuildFile; fileRef = E3E1905629528D8A00278040 /* heart_fill.svg */; };
/* End PBXBuildFile section */

/* Begin PBXContainerItemProxy section */
		E36D9BDC28C712FD008F7515 /* PBXContainerItemProxy */ = {
			isa = PBXContainerItemProxy;
			containerPortal = E36D9BBD28C712FB008F7515 /* Project object */;
			proxyType = 1;
			remoteGlobalIDString = E36D9BC428C712FB008F7515;
			remoteInfo = ExodusEnt;
		};
		E36D9BE628C712FD008F7515 /* PBXContainerItemProxy */ = {
			isa = PBXContainerItemProxy;
			containerPortal = E36D9BBD28C712FB008F7515 /* Project object */;
			proxyType = 1;
			remoteGlobalIDString = E36D9BC428C712FB008F7515;
			remoteInfo = ExodusEnt;
		};
/* End PBXContainerItemProxy section */

/* Begin PBXCopyFilesBuildPhase section */
		043A660129C44AE800311A47 /* Embed Frameworks */ = {
			isa = PBXCopyFilesBuildPhase;
			buildActionMask = 2147483647;
			dstPath = "";
			dstSubfolderSpec = 10;
			files = (
			);
			name = "Embed Frameworks";
			runOnlyForDeploymentPostprocessing = 0;
		};
/* End PBXCopyFilesBuildPhase section */

/* Begin PBXFileReference section */
		04325FF22A6F75A400AFCF55 /* Pretendard-Medium.otf */ = {isa = PBXFileReference; lastKnownFileType = file; path = "Pretendard-Medium.otf"; sourceTree = "<group>"; };
		04325FF32A6F75A500AFCF55 /* Pretendard-Bold.otf */ = {isa = PBXFileReference; lastKnownFileType = file; path = "Pretendard-Bold.otf"; sourceTree = "<group>"; };
		04325FF42A6F75A500AFCF55 /* Pretendard-Black.otf */ = {isa = PBXFileReference; lastKnownFileType = file; path = "Pretendard-Black.otf"; sourceTree = "<group>"; };
		04325FF52A6F75A600AFCF55 /* Pretendard-ExtraLight.otf */ = {isa = PBXFileReference; lastKnownFileType = file; path = "Pretendard-ExtraLight.otf"; sourceTree = "<group>"; };
		04325FF62A6F75A600AFCF55 /* Pretendard-SemiBold.otf */ = {isa = PBXFileReference; lastKnownFileType = file; path = "Pretendard-SemiBold.otf"; sourceTree = "<group>"; };
		04325FF72A6F75A700AFCF55 /* Pretendard-Light.otf */ = {isa = PBXFileReference; lastKnownFileType = file; path = "Pretendard-Light.otf"; sourceTree = "<group>"; };
		04325FF82A6F75A700AFCF55 /* Pretendard-Thin.otf */ = {isa = PBXFileReference; lastKnownFileType = file; path = "Pretendard-Thin.otf"; sourceTree = "<group>"; };
		04325FF92A6F75A800AFCF55 /* Pretendard-Regular.otf */ = {isa = PBXFileReference; lastKnownFileType = file; path = "Pretendard-Regular.otf"; sourceTree = "<group>"; };
		04325FFA2A6F75A800AFCF55 /* Pretendard-ExtraBold.otf */ = {isa = PBXFileReference; lastKnownFileType = file; path = "Pretendard-ExtraBold.otf"; sourceTree = "<group>"; };
		043260082A6F8A2D00AFCF55 /* MyInfoViewController1.swift */ = {isa = PBXFileReference; lastKnownFileType = sourcecode.swift; name = MyInfoViewController1.swift; path = Views/MainViews/MyInfoViews/MyInfoViewController1.swift; sourceTree = "<group>"; };
		0432600A2A6F8A3500AFCF55 /* MyInfoViewController2.swift */ = {isa = PBXFileReference; lastKnownFileType = sourcecode.swift; path = MyInfoViewController2.swift; sourceTree = "<group>"; };
		043A65FD29C44A8C00311A47 /* ProfileViewController.swift */ = {isa = PBXFileReference; fileEncoding = 4; lastKnownFileType = sourcecode.swift; path = ProfileViewController.swift; sourceTree = "<group>"; };
		04D2B3562A6828EF00C9B157 /* BasePaddingLabel.swift */ = {isa = PBXFileReference; lastKnownFileType = sourcecode.swift; path = BasePaddingLabel.swift; sourceTree = "<group>"; };
		0F20E788E805735476AF0E27 /* Pods-ExodusEnt.debug.xcconfig */ = {isa = PBXFileReference; includeInIndex = 1; lastKnownFileType = text.xcconfig; name = "Pods-ExodusEnt.debug.xcconfig"; path = "Target Support Files/Pods-ExodusEnt/Pods-ExodusEnt.debug.xcconfig"; sourceTree = "<group>"; };
		247067FB178F8614615471D2 /* Pods-ExodusEnt.release.xcconfig */ = {isa = PBXFileReference; includeInIndex = 1; lastKnownFileType = text.xcconfig; name = "Pods-ExodusEnt.release.xcconfig"; path = "Target Support Files/Pods-ExodusEnt/Pods-ExodusEnt.release.xcconfig"; sourceTree = "<group>"; };
		4FF0CBC8BD17BE029040B03B /* Pods-ExodusEntTests.debug.xcconfig */ = {isa = PBXFileReference; includeInIndex = 1; lastKnownFileType = text.xcconfig; name = "Pods-ExodusEntTests.debug.xcconfig"; path = "Target Support Files/Pods-ExodusEntTests/Pods-ExodusEntTests.debug.xcconfig"; sourceTree = "<group>"; };
		63ADE6B6E9530306DE149D37 /* Pods_ExodusEntTests.framework */ = {isa = PBXFileReference; explicitFileType = wrapper.framework; includeInIndex = 0; path = Pods_ExodusEntTests.framework; sourceTree = BUILT_PRODUCTS_DIR; };
		6A34DC9AFB6AB8A784365CD6 /* Pods-ExodusEnt-ExodusEntUITests.release.xcconfig */ = {isa = PBXFileReference; includeInIndex = 1; lastKnownFileType = text.xcconfig; name = "Pods-ExodusEnt-ExodusEntUITests.release.xcconfig"; path = "Target Support Files/Pods-ExodusEnt-ExodusEntUITests/Pods-ExodusEnt-ExodusEntUITests.release.xcconfig"; sourceTree = "<group>"; };
		6CDCB939DA69937CDD235136 /* Pods_ExodusEnt_ExodusEntUITests.framework */ = {isa = PBXFileReference; explicitFileType = wrapper.framework; includeInIndex = 0; path = Pods_ExodusEnt_ExodusEntUITests.framework; sourceTree = BUILT_PRODUCTS_DIR; };
		7FFDC52C002AE0B8EF752A1C /* Pods-ExodusEntTests.release.xcconfig */ = {isa = PBXFileReference; includeInIndex = 1; lastKnownFileType = text.xcconfig; name = "Pods-ExodusEntTests.release.xcconfig"; path = "Target Support Files/Pods-ExodusEntTests/Pods-ExodusEntTests.release.xcconfig"; sourceTree = "<group>"; };
		B0977C85DB3513AB4F9A85B7 /* Pods_ExodusEnt.framework */ = {isa = PBXFileReference; explicitFileType = wrapper.framework; includeInIndex = 0; path = Pods_ExodusEnt.framework; sourceTree = BUILT_PRODUCTS_DIR; };
		E306721E2902849300E441BD /* checking.svg */ = {isa = PBXFileReference; fileEncoding = 4; lastKnownFileType = text; path = checking.svg; sourceTree = "<group>"; };
		E30EC13428E19F2400AC19B2 /* ExodusEnt.entitlements */ = {isa = PBXFileReference; lastKnownFileType = text.plist.entitlements; path = ExodusEnt.entitlements; sourceTree = "<group>"; };
		E326166528E53AA500615808 /* checBox.svg */ = {isa = PBXFileReference; fileEncoding = 4; lastKnownFileType = text; path = checBox.svg; sourceTree = "<group>"; };
		E3319523294AF5DE0035D27E /* segment.swift */ = {isa = PBXFileReference; lastKnownFileType = sourcecode.swift; path = segment.swift; sourceTree = "<group>"; };
		E3319528294C10D50035D27E /* bronze.svg */ = {isa = PBXFileReference; fileEncoding = 4; lastKnownFileType = text; path = bronze.svg; sourceTree = "<group>"; };
		E3319529294C10D50035D27E /* silver.svg */ = {isa = PBXFileReference; fileEncoding = 4; lastKnownFileType = text; path = silver.svg; sourceTree = "<group>"; };
		E331952A294C10D50035D27E /* gold.svg */ = {isa = PBXFileReference; fileEncoding = 4; lastKnownFileType = text; path = gold.svg; sourceTree = "<group>"; };
		E331952F294C11490035D27E /* heart.svg */ = {isa = PBXFileReference; fileEncoding = 4; lastKnownFileType = text; path = heart.svg; sourceTree = "<group>"; };
		E335177B28FE9A6A001B7D2B /* RangKingViewController.swift */ = {isa = PBXFileReference; lastKnownFileType = sourcecode.swift; path = RangKingViewController.swift; sourceTree = "<group>"; };
		E3379401291E54DC00EEA917 /* ExodusIcon.png */ = {isa = PBXFileReference; lastKnownFileType = image.png; path = ExodusIcon.png; sourceTree = "<group>"; };
		E33882A028F935F5003311C4 /* LoveIdolViewController.swift */ = {isa = PBXFileReference; lastKnownFileType = sourcecode.swift; path = LoveIdolViewController.swift; sourceTree = "<group>"; };
		E33882A228F9414B003311C4 /* version.svg */ = {isa = PBXFileReference; fileEncoding = 4; lastKnownFileType = text; path = version.svg; sourceTree = "<group>"; };
		E33882A328F9414B003311C4 /* dir.svg */ = {isa = PBXFileReference; fileEncoding = 4; lastKnownFileType = text; path = dir.svg; sourceTree = "<group>"; };
		E33882A428F9414B003311C4 /* data.svg */ = {isa = PBXFileReference; fileEncoding = 4; lastKnownFileType = text; path = data.svg; sourceTree = "<group>"; };
		E33882A528F9414B003311C4 /* camera.svg */ = {isa = PBXFileReference; fileEncoding = 4; lastKnownFileType = text; path = camera.svg; sourceTree = "<group>"; };
		E33882AA28F941AF003311C4 /* sms.svg */ = {isa = PBXFileReference; fileEncoding = 4; lastKnownFileType = text; path = sms.svg; sourceTree = "<group>"; };
		E33882AC28F9579B003311C4 /* white.png */ = {isa = PBXFileReference; lastKnownFileType = image.png; path = white.png; sourceTree = "<group>"; };
		E33882AE28FD4A6C003311C4 /* location.csv */ = {isa = PBXFileReference; fileEncoding = 4; lastKnownFileType = text; path = location.csv; sourceTree = "<group>"; };
		E3486E4A28E153E0000A4F5A /* apple.svg */ = {isa = PBXFileReference; fileEncoding = 4; lastKnownFileType = text; path = apple.svg; sourceTree = "<group>"; };
		E3486E4C28E153E0000A4F5A /* google.svg */ = {isa = PBXFileReference; fileEncoding = 4; lastKnownFileType = text; path = google.svg; sourceTree = "<group>"; };
		E3486E5428E1549D000A4F5A /* kakao.svg */ = {isa = PBXFileReference; fileEncoding = 4; lastKnownFileType = text; path = kakao.svg; sourceTree = "<group>"; };
		E349842728E2888E0005A55A /* GoogleService-Info.plist */ = {isa = PBXFileReference; fileEncoding = 4; lastKnownFileType = text.plist.xml; path = "GoogleService-Info.plist"; sourceTree = "<group>"; };
		E349846228E29C7D0005A55A /* AgreementViewController.swift */ = {isa = PBXFileReference; lastKnownFileType = sourcecode.swift; path = AgreementViewController.swift; sourceTree = "<group>"; };
		E34C999728E5861600217BCD /* arrow.svg */ = {isa = PBXFileReference; fileEncoding = 4; lastKnownFileType = text; path = arrow.svg; sourceTree = "<group>"; };
		E34C999928E589BA00217BCD /* SearchBarViewController.swift */ = {isa = PBXFileReference; lastKnownFileType = sourcecode.swift; path = SearchBarViewController.swift; sourceTree = "<group>"; };
		E351A3F3294718E500BDB677 /* TabBarViewController.swift */ = {isa = PBXFileReference; lastKnownFileType = sourcecode.swift; path = TabBarViewController.swift; sourceTree = "<group>"; };
		E351A3F529498D7500BDB677 /* ContentsViewController.swift */ = {isa = PBXFileReference; lastKnownFileType = sourcecode.swift; path = ContentsViewController.swift; sourceTree = "<group>"; };
		E351A3F729498DC300BDB677 /* MyInfoViewController.swift */ = {isa = PBXFileReference; lastKnownFileType = sourcecode.swift; path = MyInfoViewController.swift; sourceTree = "<group>"; };
		E35718D5293F029C009B2910 /* TableCell.swift */ = {isa = PBXFileReference; lastKnownFileType = sourcecode.swift; path = TableCell.swift; sourceTree = "<group>"; };
		E35718D8293F08D2009B2910 /* blackpink.svg */ = {isa = PBXFileReference; fileEncoding = 4; lastKnownFileType = text; path = blackpink.svg; sourceTree = "<group>"; };
		E36869C62952C3D500269401 /* arrow_right.svg */ = {isa = PBXFileReference; fileEncoding = 4; lastKnownFileType = text; path = arrow_right.svg; sourceTree = "<group>"; };
		E36869C82952D3A200269401 /* BoySoloTableCell.swift */ = {isa = PBXFileReference; lastKnownFileType = sourcecode.swift; path = BoySoloTableCell.swift; sourceTree = "<group>"; };
		E36869CA2952D3B600269401 /* GireSoloTableCell.swift */ = {isa = PBXFileReference; lastKnownFileType = sourcecode.swift; path = GireSoloTableCell.swift; sourceTree = "<group>"; };
		E36869CC2952D3D800269401 /* BoyGroupTableCell.swift */ = {isa = PBXFileReference; lastKnownFileType = sourcecode.swift; path = BoyGroupTableCell.swift; sourceTree = "<group>"; };
		E36869CE2952D3EA00269401 /* GireGroupTableCell.swift */ = {isa = PBXFileReference; lastKnownFileType = sourcecode.swift; path = GireGroupTableCell.swift; sourceTree = "<group>"; };
		E36869D02952DAB800269401 /* ContentCell.swift */ = {isa = PBXFileReference; lastKnownFileType = sourcecode.swift; path = ContentCell.swift; sourceTree = "<group>"; };
		E36D9BC528C712FB008F7515 /* ExodusEnt.app */ = {isa = PBXFileReference; explicitFileType = wrapper.application; includeInIndex = 0; path = ExodusEnt.app; sourceTree = BUILT_PRODUCTS_DIR; };
		E36D9BC828C712FB008F7515 /* AppDelegate.swift */ = {isa = PBXFileReference; lastKnownFileType = sourcecode.swift; path = AppDelegate.swift; sourceTree = "<group>"; };
		E36D9BCA28C712FB008F7515 /* SceneDelegate.swift */ = {isa = PBXFileReference; lastKnownFileType = sourcecode.swift; path = SceneDelegate.swift; sourceTree = "<group>"; };
		E36D9BCF28C712FB008F7515 /* Base */ = {isa = PBXFileReference; lastKnownFileType = file.storyboard; name = Base; path = Base.lproj/Main.storyboard; sourceTree = "<group>"; };
		E36D9BD128C712FD008F7515 /* Assets.xcassets */ = {isa = PBXFileReference; lastKnownFileType = folder.assetcatalog; path = Assets.xcassets; sourceTree = "<group>"; };
		E36D9BD428C712FD008F7515 /* Base */ = {isa = PBXFileReference; lastKnownFileType = file.storyboard; name = Base; path = Base.lproj/LaunchScreen.storyboard; sourceTree = "<group>"; };
		E36D9BD628C712FD008F7515 /* Info.plist */ = {isa = PBXFileReference; lastKnownFileType = text.plist.xml; path = Info.plist; sourceTree = "<group>"; };
		E36D9BDB28C712FD008F7515 /* ExodusEntTests.xctest */ = {isa = PBXFileReference; explicitFileType = wrapper.cfbundle; includeInIndex = 0; path = ExodusEntTests.xctest; sourceTree = BUILT_PRODUCTS_DIR; };
		E36D9BDF28C712FD008F7515 /* ExodusEntTests.swift */ = {isa = PBXFileReference; lastKnownFileType = sourcecode.swift; path = ExodusEntTests.swift; sourceTree = "<group>"; };
		E36D9BE528C712FD008F7515 /* ExodusEntUITests.xctest */ = {isa = PBXFileReference; explicitFileType = wrapper.cfbundle; includeInIndex = 0; path = ExodusEntUITests.xctest; sourceTree = BUILT_PRODUCTS_DIR; };
		E36D9BE928C712FD008F7515 /* ExodusEntUITests.swift */ = {isa = PBXFileReference; lastKnownFileType = sourcecode.swift; path = ExodusEntUITests.swift; sourceTree = "<group>"; };
		E36D9BEB28C712FD008F7515 /* ExodusEntUITestsLaunchTests.swift */ = {isa = PBXFileReference; lastKnownFileType = sourcecode.swift; path = ExodusEntUITestsLaunchTests.swift; sourceTree = "<group>"; };
		E36D9BF828C7155B008F7515 /* SignUpViewController.swift */ = {isa = PBXFileReference; lastKnownFileType = sourcecode.swift; path = SignUpViewController.swift; sourceTree = "<group>"; };
		E387A4C228E6C15700DB3471 /* ListViewController.swift */ = {isa = PBXFileReference; lastKnownFileType = sourcecode.swift; path = ListViewController.swift; sourceTree = "<group>"; };
		E387A4C428E6C1FC00DB3471 /* union.svg */ = {isa = PBXFileReference; fileEncoding = 4; lastKnownFileType = text; path = union.svg; sourceTree = "<group>"; };
		E387A4C628E6C4D000DB3471 /* search.svg */ = {isa = PBXFileReference; fileEncoding = 4; lastKnownFileType = text; path = search.svg; sourceTree = "<group>"; };
		E387A4C728E6C4D000DB3471 /* myPrivacy.svg */ = {isa = PBXFileReference; fileEncoding = 4; lastKnownFileType = text; path = myPrivacy.svg; sourceTree = "<group>"; };
		E387A4C828E6C4D000DB3471 /* alert.svg */ = {isa = PBXFileReference; fileEncoding = 4; lastKnownFileType = text; path = alert.svg; sourceTree = "<group>"; };
		E388A61E28E560E500B858E7 /* NickNameViewController.swift */ = {isa = PBXFileReference; lastKnownFileType = sourcecode.swift; path = NickNameViewController.swift; sourceTree = "<group>"; };
		E38D03B928FFBD4C00C30649 /* rangking_off.svg */ = {isa = PBXFileReference; fileEncoding = 4; lastKnownFileType = text; path = rangking_off.svg; sourceTree = "<group>"; };
		E38D03BA28FFBD4C00C30649 /* privacy_off.svg */ = {isa = PBXFileReference; fileEncoding = 4; lastKnownFileType = text; path = privacy_off.svg; sourceTree = "<group>"; };
		E38D03BB28FFBD4C00C30649 /* home.svg */ = {isa = PBXFileReference; fileEncoding = 4; lastKnownFileType = text; path = home.svg; sourceTree = "<group>"; };
		E38D03BC28FFBD4C00C30649 /* content_off.svg */ = {isa = PBXFileReference; fileEncoding = 4; lastKnownFileType = text; path = content_off.svg; sourceTree = "<group>"; };
		E38D03C528FFCEDC00C30649 /* MainViewController.swift */ = {isa = PBXFileReference; lastKnownFileType = sourcecode.swift; path = MainViewController.swift; sourceTree = "<group>"; };
		E38D03C728FFE47500C30649 /* newjeans2.png */ = {isa = PBXFileReference; lastKnownFileType = image.png; path = newjeans2.png; sourceTree = "<group>"; };
		E38D03CB28FFE62900C30649 /* newjeans3.png */ = {isa = PBXFileReference; lastKnownFileType = image.png; path = newjeans3.png; sourceTree = "<group>"; };
		E38D03CD2900D5A700C30649 /* rangking.svg */ = {isa = PBXFileReference; fileEncoding = 4; lastKnownFileType = text; path = rangking.svg; sourceTree = "<group>"; };
		E38D03CE2900D5A700C30649 /* content.svg */ = {isa = PBXFileReference; fileEncoding = 4; lastKnownFileType = text; path = content.svg; sourceTree = "<group>"; };
		E38D03CF2900D5A800C30649 /* home_off.svg */ = {isa = PBXFileReference; fileEncoding = 4; lastKnownFileType = text; path = home_off.svg; sourceTree = "<group>"; };
		E38D03D02900D5A800C30649 /* privacy.svg */ = {isa = PBXFileReference; fileEncoding = 4; lastKnownFileType = text; path = privacy.svg; sourceTree = "<group>"; };
		E394353D294C2C890070E597 /* InstarGramViewController.swift */ = {isa = PBXFileReference; lastKnownFileType = sourcecode.swift; path = InstarGramViewController.swift; sourceTree = "<group>"; };
		E394353F294C2C9A0070E597 /* TwiterViewController.swift */ = {isa = PBXFileReference; lastKnownFileType = sourcecode.swift; path = TwiterViewController.swift; sourceTree = "<group>"; };
		E3943541294C2CB60070E597 /* NaverViewController.swift */ = {isa = PBXFileReference; lastKnownFileType = sourcecode.swift; path = NaverViewController.swift; sourceTree = "<group>"; };
		E3943543294C2CCD0070E597 /* KakaoViewController.swift */ = {isa = PBXFileReference; lastKnownFileType = sourcecode.swift; path = KakaoViewController.swift; sourceTree = "<group>"; };
		E394354A294C5BED0070E597 /* NewsSegmented.swift */ = {isa = PBXFileReference; lastKnownFileType = sourcecode.swift; path = NewsSegmented.swift; sourceTree = "<group>"; };
		E394354C294FEA700070E597 /* benner_3.jpeg */ = {isa = PBXFileReference; lastKnownFileType = image.jpeg; path = benner_3.jpeg; sourceTree = "<group>"; };
		E394354D294FEA710070E597 /* benner_1.jpeg */ = {isa = PBXFileReference; lastKnownFileType = image.jpeg; path = benner_1.jpeg; sourceTree = "<group>"; };
		E394354E294FEA710070E597 /* benner_2.jpeg */ = {isa = PBXFileReference; lastKnownFileType = image.jpeg; path = benner_2.jpeg; sourceTree = "<group>"; };
		E39B852328FF9DCF0060C346 /* newjeans.png */ = {isa = PBXFileReference; lastKnownFileType = image.png; path = newjeans.png; sourceTree = "<group>"; };
		E39C77D12950272500871C95 /* MainBannerCell.swift */ = {isa = PBXFileReference; lastKnownFileType = sourcecode.swift; path = MainBannerCell.swift; sourceTree = "<group>"; };
		E39C77D32950273D00871C95 /* BannerCell.swift */ = {isa = PBXFileReference; lastKnownFileType = sourcecode.swift; path = BannerCell.swift; sourceTree = "<group>"; };
		E39C77D52950323200871C95 /* MainBannerViewController.swift */ = {isa = PBXFileReference; lastKnownFileType = sourcecode.swift; path = MainBannerViewController.swift; sourceTree = "<group>"; };
		E3A800D02941CB8B008F023F /* ReferralCodeViewController.swift */ = {isa = PBXFileReference; fileEncoding = 4; lastKnownFileType = sourcecode.swift; path = ReferralCodeViewController.swift; sourceTree = "<group>"; };
		E3A800D42946B27B008F023F /* CountyViewController.swift */ = {isa = PBXFileReference; lastKnownFileType = sourcecode.swift; path = CountyViewController.swift; sourceTree = "<group>"; };
		E3ABA517290274D300C1A2F4 /* SoloboyViewController.swift */ = {isa = PBXFileReference; lastKnownFileType = sourcecode.swift; path = SoloboyViewController.swift; sourceTree = "<group>"; };
		E3ABA5192902753400C1A2F4 /* SoloGireViewController.swift */ = {isa = PBXFileReference; lastKnownFileType = sourcecode.swift; path = SoloGireViewController.swift; sourceTree = "<group>"; };
		E3ABA51B2902757400C1A2F4 /* GroupBoyViewController.swift */ = {isa = PBXFileReference; lastKnownFileType = sourcecode.swift; path = GroupBoyViewController.swift; sourceTree = "<group>"; };
		E3ABA51D2902758B00C1A2F4 /* GroupGireViewController.swift */ = {isa = PBXFileReference; lastKnownFileType = sourcecode.swift; path = GroupGireViewController.swift; sourceTree = "<group>"; };
		E3E1905329528B1C00278040 /* arrow-right.svg */ = {isa = PBXFileReference; fileEncoding = 4; lastKnownFileType = text; path = "arrow-right.svg"; sourceTree = "<group>"; };
		E3E1905529528D8900278040 /* diamond.svg */ = {isa = PBXFileReference; fileEncoding = 4; lastKnownFileType = text; path = diamond.svg; sourceTree = "<group>"; };
		E3E1905629528D8A00278040 /* heart_fill.svg */ = {isa = PBXFileReference; fileEncoding = 4; lastKnownFileType = text; path = heart_fill.svg; sourceTree = "<group>"; };
		F49386A3208E61062BD8E046 /* Pods-ExodusEnt-ExodusEntUITests.debug.xcconfig */ = {isa = PBXFileReference; includeInIndex = 1; lastKnownFileType = text.xcconfig; name = "Pods-ExodusEnt-ExodusEntUITests.debug.xcconfig"; path = "Target Support Files/Pods-ExodusEnt-ExodusEntUITests/Pods-ExodusEnt-ExodusEntUITests.debug.xcconfig"; sourceTree = "<group>"; };
/* End PBXFileReference section */

/* Begin PBXFrameworksBuildPhase section */
		E36D9BC228C712FB008F7515 /* Frameworks */ = {
			isa = PBXFrameworksBuildPhase;
			buildActionMask = 2147483647;
			files = (
				046A55372A8FDB4300D68CF9 /* FirebaseDatabaseSwift in Frameworks */,
				046A55352A8FDB4300D68CF9 /* FirebaseDatabase in Frameworks */,
				046A553D2A8FDB4300D68CF9 /* FirebaseStorage in Frameworks */,
				046A552F2A8FDB4300D68CF9 /* FirebaseAnalytics in Frameworks */,
				046A55312A8FDB4300D68CF9 /* FirebaseAppCheck in Frameworks */,
				046A55452A8FDC1300D68CF9 /* SDWebImage in Frameworks */,
				046A55332A8FDB4300D68CF9 /* FirebaseAuth in Frameworks */,
				046A55392A8FDB4300D68CF9 /* FirebaseFirestore in Frameworks */,
				046A553B2A8FDB4300D68CF9 /* FirebaseFirestoreSwift in Frameworks */,
				27812361A6D0DA1C406BECE6 /* Pods_ExodusEnt.framework in Frameworks */,
			);
			runOnlyForDeploymentPostprocessing = 0;
		};
		E36D9BD828C712FD008F7515 /* Frameworks */ = {
			isa = PBXFrameworksBuildPhase;
			buildActionMask = 2147483647;
			files = (
				AE976B2B607CC9AE2B51D0ED /* Pods_ExodusEntTests.framework in Frameworks */,
			);
			runOnlyForDeploymentPostprocessing = 0;
		};
		E36D9BE228C712FD008F7515 /* Frameworks */ = {
			isa = PBXFrameworksBuildPhase;
			buildActionMask = 2147483647;
			files = (
				8FE8BA4318C3B3A97E0E3144 /* Pods_ExodusEnt_ExodusEntUITests.framework in Frameworks */,
			);
			runOnlyForDeploymentPostprocessing = 0;
		};
/* End PBXFrameworksBuildPhase section */

/* Begin PBXGroup section */
		04325FF12A6F755600AFCF55 /* Font */ = {
			isa = PBXGroup;
			children = (
				04325FF42A6F75A500AFCF55 /* Pretendard-Black.otf */,
				04325FF32A6F75A500AFCF55 /* Pretendard-Bold.otf */,
				04325FFA2A6F75A800AFCF55 /* Pretendard-ExtraBold.otf */,
				04325FF52A6F75A600AFCF55 /* Pretendard-ExtraLight.otf */,
				04325FF72A6F75A700AFCF55 /* Pretendard-Light.otf */,
				04325FF22A6F75A400AFCF55 /* Pretendard-Medium.otf */,
				04325FF92A6F75A800AFCF55 /* Pretendard-Regular.otf */,
				04325FF62A6F75A600AFCF55 /* Pretendard-SemiBold.otf */,
				04325FF82A6F75A700AFCF55 /* Pretendard-Thin.otf */,
			);
			path = Font;
			sourceTree = "<group>";
		};
		043260042A6F85D900AFCF55 /* HomeViews */ = {
			isa = PBXGroup;
			children = (
				E39C77D32950273D00871C95 /* BannerCell.swift */,
				E3319523294AF5DE0035D27E /* segment.swift */,
				E39C77D12950272500871C95 /* MainBannerCell.swift */,
				E39C77D52950323200871C95 /* MainBannerViewController.swift */,
				E38D03C528FFCEDC00C30649 /* MainViewController.swift */,
			);
			path = HomeViews;
			sourceTree = "<group>";
		};
		043260052A6F861A00AFCF55 /* ContentsViews */ = {
			isa = PBXGroup;
			children = (
				E36869D02952DAB800269401 /* ContentCell.swift */,
				E351A3F529498D7500BDB677 /* ContentsViewController.swift */,
			);
			path = ContentsViews;
			sourceTree = "<group>";
		};
		043260062A6F863F00AFCF55 /* RangkingViews */ = {
			isa = PBXGroup;
			children = (
				E335177B28FE9A6A001B7D2B /* RangKingViewController.swift */,
			);
			path = RangkingViews;
			sourceTree = "<group>";
		};
		043260072A6F866800AFCF55 /* MyInfoViews */ = {
			isa = PBXGroup;
			children = (
				E351A3F729498DC300BDB677 /* MyInfoViewController.swift */,
			);
			path = MyInfoViews;
			sourceTree = "<group>";
		};
		6A22E8312D1FF131CC523623 /* Frameworks */ = {
			isa = PBXGroup;
			children = (
				B0977C85DB3513AB4F9A85B7 /* Pods_ExodusEnt.framework */,
				6CDCB939DA69937CDD235136 /* Pods_ExodusEnt_ExodusEntUITests.framework */,
				63ADE6B6E9530306DE149D37 /* Pods_ExodusEntTests.framework */,
			);
			name = Frameworks;
			sourceTree = "<group>";
		};
		E35718D3293F01D7009B2910 /* SignUpViews */ = {
			isa = PBXGroup;
			children = (
				04D2B3562A6828EF00C9B157 /* BasePaddingLabel.swift */,
				E3A800D02941CB8B008F023F /* ReferralCodeViewController.swift */,
				043A65FD29C44A8C00311A47 /* ProfileViewController.swift */,
				E349846228E29C7D0005A55A /* AgreementViewController.swift */,
				E388A61E28E560E500B858E7 /* NickNameViewController.swift */,
				E33882A028F935F5003311C4 /* LoveIdolViewController.swift */,
				E34C999928E589BA00217BCD /* SearchBarViewController.swift */,
				E36D9BF828C7155B008F7515 /* SignUpViewController.swift */,
				E35718D5293F029C009B2910 /* TableCell.swift */,
				E3A800D42946B27B008F023F /* CountyViewController.swift */,
			);
			path = SignUpViews;
			sourceTree = "<group>";
		};
		E35718D4293F0222009B2910 /* MainViews */ = {
			isa = PBXGroup;
			children = (
				043260072A6F866800AFCF55 /* MyInfoViews */,
				043260062A6F863F00AFCF55 /* RangkingViews */,
				043260052A6F861A00AFCF55 /* ContentsViews */,
				043260042A6F85D900AFCF55 /* HomeViews */,
				E387A4C228E6C15700DB3471 /* ListViewController.swift */,
				E351A3F3294718E500BDB677 /* TabBarViewController.swift */,
			);
			path = MainViews;
			sourceTree = "<group>";
		};
		E35718D7293F0802009B2910 /* IdolImage */ = {
			isa = PBXGroup;
			children = (
				E35718D8293F08D2009B2910 /* blackpink.svg */,
			);
			path = IdolImage;
			sourceTree = "<group>";
		};
		E36D9BBC28C712FB008F7515 = {
			isa = PBXGroup;
			children = (
				E36D9BC728C712FB008F7515 /* ExodusEnt */,
				E36D9BDE28C712FD008F7515 /* ExodusEntTests */,
				E36D9BE828C712FD008F7515 /* ExodusEntUITests */,
				E36D9BC628C712FB008F7515 /* Products */,
				F06C963FBEA9A289B7B5F88F /* Pods */,
				6A22E8312D1FF131CC523623 /* Frameworks */,
			);
			sourceTree = "<group>";
		};
		E36D9BC628C712FB008F7515 /* Products */ = {
			isa = PBXGroup;
			children = (
				E36D9BC528C712FB008F7515 /* ExodusEnt.app */,
				E36D9BDB28C712FD008F7515 /* ExodusEntTests.xctest */,
				E36D9BE528C712FD008F7515 /* ExodusEntUITests.xctest */,
			);
			name = Products;
			sourceTree = "<group>";
		};
		E36D9BC728C712FB008F7515 /* ExodusEnt */ = {
			isa = PBXGroup;
			children = (
				04325FF12A6F755600AFCF55 /* Font */,
				E39B850E28FF963F0060C346 /* IdolImages */,
				E30EC13428E19F2400AC19B2 /* ExodusEnt.entitlements */,
				E36D9BFB28C7169E008F7515 /* Images */,
				E36D9BFA28C7168F008F7515 /* Views */,
				E36D9BC828C712FB008F7515 /* AppDelegate.swift */,
				E36D9BCA28C712FB008F7515 /* SceneDelegate.swift */,
				E36D9BD328C712FD008F7515 /* LaunchScreen.storyboard */,
				E36D9BCE28C712FB008F7515 /* Main.storyboard */,
				043260082A6F8A2D00AFCF55 /* MyInfoViewController1.swift */,
				0432600A2A6F8A3500AFCF55 /* MyInfoViewController2.swift */,
				E36D9BD128C712FD008F7515 /* Assets.xcassets */,
				E36D9BD628C712FD008F7515 /* Info.plist */,
				E349842728E2888E0005A55A /* GoogleService-Info.plist */,
				E33882AE28FD4A6C003311C4 /* location.csv */,
			);
			path = ExodusEnt;
			sourceTree = "<group>";
		};
		E36D9BDE28C712FD008F7515 /* ExodusEntTests */ = {
			isa = PBXGroup;
			children = (
				E36D9BDF28C712FD008F7515 /* ExodusEntTests.swift */,
			);
			path = ExodusEntTests;
			sourceTree = "<group>";
		};
		E36D9BE828C712FD008F7515 /* ExodusEntUITests */ = {
			isa = PBXGroup;
			children = (
				E36D9BE928C712FD008F7515 /* ExodusEntUITests.swift */,
				E36D9BEB28C712FD008F7515 /* ExodusEntUITestsLaunchTests.swift */,
			);
			path = ExodusEntUITests;
			sourceTree = "<group>";
		};
		E36D9BFA28C7168F008F7515 /* Views */ = {
			isa = PBXGroup;
			children = (
				E394353C294C2C110070E597 /* News */,
				E35718D4293F0222009B2910 /* MainViews */,
				E35718D3293F01D7009B2910 /* SignUpViews */,
				E3ABA5162902746D00C1A2F4 /* Rangkings */,
			);
			path = Views;
			sourceTree = "<group>";
		};
		E36D9BFB28C7169E008F7515 /* Images */ = {
			isa = PBXGroup;
			children = (
				E35718D7293F0802009B2910 /* IdolImage */,
				E394354D294FEA710070E597 /* benner_1.jpeg */,
				E394354E294FEA710070E597 /* benner_2.jpeg */,
				E36869C62952C3D500269401 /* arrow_right.svg */,
				E394354C294FEA700070E597 /* benner_3.jpeg */,
				E3319528294C10D50035D27E /* bronze.svg */,
				E331952A294C10D50035D27E /* gold.svg */,
				E3319529294C10D50035D27E /* silver.svg */,
				E38D03CE2900D5A700C30649 /* content.svg */,
				E38D03CF2900D5A800C30649 /* home_off.svg */,
				E38D03D02900D5A800C30649 /* privacy.svg */,
				E38D03CD2900D5A700C30649 /* rangking.svg */,
				E38D03BC28FFBD4C00C30649 /* content_off.svg */,
				E38D03BB28FFBD4C00C30649 /* home.svg */,
				E38D03BA28FFBD4C00C30649 /* privacy_off.svg */,
				E38D03B928FFBD4C00C30649 /* rangking_off.svg */,
				E33882AC28F9579B003311C4 /* white.png */,
				E33882A528F9414B003311C4 /* camera.svg */,
				E33882AA28F941AF003311C4 /* sms.svg */,
				E33882A428F9414B003311C4 /* data.svg */,
				E33882A328F9414B003311C4 /* dir.svg */,
				E33882A228F9414B003311C4 /* version.svg */,
				E387A4C828E6C4D000DB3471 /* alert.svg */,
				E387A4C728E6C4D000DB3471 /* myPrivacy.svg */,
				E387A4C628E6C4D000DB3471 /* search.svg */,
				E387A4C428E6C1FC00DB3471 /* union.svg */,
				E34C999728E5861600217BCD /* arrow.svg */,
				E326166528E53AA500615808 /* checBox.svg */,
				E3486E5428E1549D000A4F5A /* kakao.svg */,
				E3E1905529528D8900278040 /* diamond.svg */,
				E3E1905629528D8A00278040 /* heart_fill.svg */,
				E3486E4A28E153E0000A4F5A /* apple.svg */,
				E331952F294C11490035D27E /* heart.svg */,
				E3486E4C28E153E0000A4F5A /* google.svg */,
				E3379401291E54DC00EEA917 /* ExodusIcon.png */,
				E3E1905329528B1C00278040 /* arrow-right.svg */,
				E306721E2902849300E441BD /* checking.svg */,
			);
			path = Images;
			sourceTree = "<group>";
		};
		E394353C294C2C110070E597 /* News */ = {
			isa = PBXGroup;
			children = (
				E394353D294C2C890070E597 /* InstarGramViewController.swift */,
				E394353F294C2C9A0070E597 /* TwiterViewController.swift */,
				E3943541294C2CB60070E597 /* NaverViewController.swift */,
				E3943543294C2CCD0070E597 /* KakaoViewController.swift */,
				E394354A294C5BED0070E597 /* NewsSegmented.swift */,
			);
			path = News;
			sourceTree = "<group>";
		};
		E39B850E28FF963F0060C346 /* IdolImages */ = {
			isa = PBXGroup;
			children = (
				E38D03CB28FFE62900C30649 /* newjeans3.png */,
				E38D03C728FFE47500C30649 /* newjeans2.png */,
				E39B852328FF9DCF0060C346 /* newjeans.png */,
			);
			path = IdolImages;
			sourceTree = "<group>";
		};
		E3ABA5162902746D00C1A2F4 /* Rangkings */ = {
			isa = PBXGroup;
			children = (
				E3ABA517290274D300C1A2F4 /* SoloboyViewController.swift */,
				E3ABA5192902753400C1A2F4 /* SoloGireViewController.swift */,
				E3ABA51B2902757400C1A2F4 /* GroupBoyViewController.swift */,
				E3ABA51D2902758B00C1A2F4 /* GroupGireViewController.swift */,
				E36869C82952D3A200269401 /* BoySoloTableCell.swift */,
				E36869CA2952D3B600269401 /* GireSoloTableCell.swift */,
				E36869CC2952D3D800269401 /* BoyGroupTableCell.swift */,
				E36869CE2952D3EA00269401 /* GireGroupTableCell.swift */,
			);
			path = Rangkings;
			sourceTree = "<group>";
		};
		F06C963FBEA9A289B7B5F88F /* Pods */ = {
			isa = PBXGroup;
			children = (
				0F20E788E805735476AF0E27 /* Pods-ExodusEnt.debug.xcconfig */,
				247067FB178F8614615471D2 /* Pods-ExodusEnt.release.xcconfig */,
				F49386A3208E61062BD8E046 /* Pods-ExodusEnt-ExodusEntUITests.debug.xcconfig */,
				6A34DC9AFB6AB8A784365CD6 /* Pods-ExodusEnt-ExodusEntUITests.release.xcconfig */,
				4FF0CBC8BD17BE029040B03B /* Pods-ExodusEntTests.debug.xcconfig */,
				7FFDC52C002AE0B8EF752A1C /* Pods-ExodusEntTests.release.xcconfig */,
			);
			path = Pods;
			sourceTree = "<group>";
		};
/* End PBXGroup section */

/* Begin PBXNativeTarget section */
		E36D9BC428C712FB008F7515 /* ExodusEnt */ = {
			isa = PBXNativeTarget;
			buildConfigurationList = E36D9BEF28C712FD008F7515 /* Build configuration list for PBXNativeTarget "ExodusEnt" */;
			buildPhases = (
				6B0C07E9FE3E38DDCB1CA92F /* [CP] Check Pods Manifest.lock */,
				E36D9BC128C712FB008F7515 /* Sources */,
				E36D9BC228C712FB008F7515 /* Frameworks */,
				E36D9BC328C712FB008F7515 /* Resources */,
				043A660129C44AE800311A47 /* Embed Frameworks */,
				072874C1CB4BBD767781C6BE /* [CP] Embed Pods Frameworks */,
			);
			buildRules = (
			);
			dependencies = (
			);
			name = ExodusEnt;
			packageProductDependencies = (
				046A552E2A8FDB4300D68CF9 /* FirebaseAnalytics */,
				046A55302A8FDB4300D68CF9 /* FirebaseAppCheck */,
				046A55322A8FDB4300D68CF9 /* FirebaseAuth */,
				046A55342A8FDB4300D68CF9 /* FirebaseDatabase */,
				046A55362A8FDB4300D68CF9 /* FirebaseDatabaseSwift */,
				046A55382A8FDB4300D68CF9 /* FirebaseFirestore */,
				046A553A2A8FDB4300D68CF9 /* FirebaseFirestoreSwift */,
				046A553C2A8FDB4300D68CF9 /* FirebaseStorage */,
				046A55442A8FDC1300D68CF9 /* SDWebImage */,
			);
			productName = ExodusEnt;
			productReference = E36D9BC528C712FB008F7515 /* ExodusEnt.app */;
			productType = "com.apple.product-type.application";
		};
		E36D9BDA28C712FD008F7515 /* ExodusEntTests */ = {
			isa = PBXNativeTarget;
			buildConfigurationList = E36D9BF228C712FD008F7515 /* Build configuration list for PBXNativeTarget "ExodusEntTests" */;
			buildPhases = (
				376C5912978F29B336B208B4 /* [CP] Check Pods Manifest.lock */,
				E36D9BD728C712FD008F7515 /* Sources */,
				E36D9BD828C712FD008F7515 /* Frameworks */,
				E36D9BD928C712FD008F7515 /* Resources */,
			);
			buildRules = (
			);
			dependencies = (
				E36D9BDD28C712FD008F7515 /* PBXTargetDependency */,
			);
			name = ExodusEntTests;
			productName = ExodusEntTests;
			productReference = E36D9BDB28C712FD008F7515 /* ExodusEntTests.xctest */;
			productType = "com.apple.product-type.bundle.unit-test";
		};
		E36D9BE428C712FD008F7515 /* ExodusEntUITests */ = {
			isa = PBXNativeTarget;
			buildConfigurationList = E36D9BF528C712FD008F7515 /* Build configuration list for PBXNativeTarget "ExodusEntUITests" */;
			buildPhases = (
				7E9CF65A945E5FDAFDF351BF /* [CP] Check Pods Manifest.lock */,
				E36D9BE128C712FD008F7515 /* Sources */,
				E36D9BE228C712FD008F7515 /* Frameworks */,
				E36D9BE328C712FD008F7515 /* Resources */,
				F6C687BAC9ABB0C2BDFC591A /* [CP] Embed Pods Frameworks */,
			);
			buildRules = (
			);
			dependencies = (
				E36D9BE728C712FD008F7515 /* PBXTargetDependency */,
			);
			name = ExodusEntUITests;
			productName = ExodusEntUITests;
			productReference = E36D9BE528C712FD008F7515 /* ExodusEntUITests.xctest */;
			productType = "com.apple.product-type.bundle.ui-testing";
		};
/* End PBXNativeTarget section */

/* Begin PBXProject section */
		E36D9BBD28C712FB008F7515 /* Project object */ = {
			isa = PBXProject;
			attributes = {
				BuildIndependentTargetsInParallel = 1;
				LastSwiftUpdateCheck = 1340;
				LastUpgradeCheck = 1340;
				TargetAttributes = {
					E36D9BC428C712FB008F7515 = {
						CreatedOnToolsVersion = 13.4.1;
					};
					E36D9BDA28C712FD008F7515 = {
						CreatedOnToolsVersion = 13.4.1;
						TestTargetID = E36D9BC428C712FB008F7515;
					};
					E36D9BE428C712FD008F7515 = {
						CreatedOnToolsVersion = 13.4.1;
						TestTargetID = E36D9BC428C712FB008F7515;
					};
				};
			};
			buildConfigurationList = E36D9BC028C712FB008F7515 /* Build configuration list for PBXProject "ExodusEnt" */;
			compatibilityVersion = "Xcode 13.0";
			developmentRegion = en;
			hasScannedForEncodings = 0;
			knownRegions = (
				en,
				Base,
			);
			mainGroup = E36D9BBC28C712FB008F7515;
			packageReferences = (
				046A552D2A8FDB4300D68CF9 /* XCRemoteSwiftPackageReference "firebase-ios-sdk.git" */,
				046A55432A8FDC1300D68CF9 /* XCRemoteSwiftPackageReference "SDWebImage" */,
			);
			productRefGroup = E36D9BC628C712FB008F7515 /* Products */;
			projectDirPath = "";
			projectRoot = "";
			targets = (
				E36D9BC428C712FB008F7515 /* ExodusEnt */,
				E36D9BDA28C712FD008F7515 /* ExodusEntTests */,
				E36D9BE428C712FD008F7515 /* ExodusEntUITests */,
			);
		};
/* End PBXProject section */

/* Begin PBXResourcesBuildPhase section */
		E36D9BC328C712FB008F7515 /* Resources */ = {
			isa = PBXResourcesBuildPhase;
			buildActionMask = 2147483647;
			files = (
				E38D03D32900D5A800C30649 /* home_off.svg in Resources */,
				E394354F294FEA710070E597 /* benner_3.jpeg in Resources */,
				043260002A6F75A800AFCF55 /* Pretendard-Light.otf in Resources */,
				E38D03BD28FFBD4C00C30649 /* rangking_off.svg in Resources */,
				E36869C72952C3D500269401 /* arrow_right.svg in Resources */,
				E36D9BD528C712FD008F7515 /* LaunchScreen.storyboard in Resources */,
				043260022A6F75A800AFCF55 /* Pretendard-Regular.otf in Resources */,
				04325FFC2A6F75A800AFCF55 /* Pretendard-Bold.otf in Resources */,
				E3E1905429528B1C00278040 /* arrow-right.svg in Resources */,
				E387A4C528E6C1FC00DB3471 /* union.svg in Resources */,
				E38D03BE28FFBD4C00C30649 /* privacy_off.svg in Resources */,
				E38D03C928FFE47600C30649 /* newjeans2.png in Resources */,
				E38D03BF28FFBD4C00C30649 /* home.svg in Resources */,
				E3486E4F28E153E0000A4F5A /* google.svg in Resources */,
				E36D9BD228C712FD008F7515 /* Assets.xcassets in Resources */,
				E33882AD28F9579B003311C4 /* white.png in Resources */,
				E38D03C028FFBD4C00C30649 /* content_off.svg in Resources */,
				E3E1905729528D8A00278040 /* diamond.svg in Resources */,
				E33882A728F9414B003311C4 /* dir.svg in Resources */,
				E387A4CA28E6C4D000DB3471 /* myPrivacy.svg in Resources */,
				E3943550294FEA710070E597 /* benner_1.jpeg in Resources */,
				E3379402291E54DD00EEA917 /* ExodusIcon.png in Resources */,
				E38D03CC28FFE62900C30649 /* newjeans3.png in Resources */,
				04325FFE2A6F75A800AFCF55 /* Pretendard-ExtraLight.otf in Resources */,
				043260012A6F75A800AFCF55 /* Pretendard-Thin.otf in Resources */,
				E33882AF28FD4A6C003311C4 /* location.csv in Resources */,
				E38D03D22900D5A800C30649 /* content.svg in Resources */,
				E3486E4D28E153E0000A4F5A /* apple.svg in Resources */,
				E387A4C928E6C4D000DB3471 /* search.svg in Resources */,
				E387A4CB28E6C4D000DB3471 /* alert.svg in Resources */,
				E331952E294C10D50035D27E /* gold.svg in Resources */,
				E33882A628F9414B003311C4 /* version.svg in Resources */,
				E36D9BD028C712FB008F7515 /* Main.storyboard in Resources */,
				E349842828E2888E0005A55A /* GoogleService-Info.plist in Resources */,
				E326166628E53AA600615808 /* checBox.svg in Resources */,
				E33882A828F9414B003311C4 /* data.svg in Resources */,
				E39B852428FF9DCF0060C346 /* newjeans.png in Resources */,
				E331952C294C10D50035D27E /* bronze.svg in Resources */,
				043260032A6F75A800AFCF55 /* Pretendard-ExtraBold.otf in Resources */,
				E306721F2902849300E441BD /* checking.svg in Resources */,
				E34C999828E5861600217BCD /* arrow.svg in Resources */,
				04325FFF2A6F75A800AFCF55 /* Pretendard-SemiBold.otf in Resources */,
				04325FFB2A6F75A800AFCF55 /* Pretendard-Medium.otf in Resources */,
				E3943551294FEA710070E597 /* benner_2.jpeg in Resources */,
				E33882AB28F941AF003311C4 /* sms.svg in Resources */,
				E38D03D42900D5A800C30649 /* privacy.svg in Resources */,
				E33882A928F9414B003311C4 /* camera.svg in Resources */,
				E3486E5528E1549D000A4F5A /* kakao.svg in Resources */,
				E3319530294C11490035D27E /* heart.svg in Resources */,
				E331952D294C10D50035D27E /* silver.svg in Resources */,
				E38D03D12900D5A800C30649 /* rangking.svg in Resources */,
				E35718D9293F08D2009B2910 /* blackpink.svg in Resources */,
				04325FFD2A6F75A800AFCF55 /* Pretendard-Black.otf in Resources */,
				E3E1905829528D8A00278040 /* heart_fill.svg in Resources */,
			);
			runOnlyForDeploymentPostprocessing = 0;
		};
		E36D9BD928C712FD008F7515 /* Resources */ = {
			isa = PBXResourcesBuildPhase;
			buildActionMask = 2147483647;
			files = (
			);
			runOnlyForDeploymentPostprocessing = 0;
		};
		E36D9BE328C712FD008F7515 /* Resources */ = {
			isa = PBXResourcesBuildPhase;
			buildActionMask = 2147483647;
			files = (
			);
			runOnlyForDeploymentPostprocessing = 0;
		};
/* End PBXResourcesBuildPhase section */

/* Begin PBXShellScriptBuildPhase section */
		072874C1CB4BBD767781C6BE /* [CP] Embed Pods Frameworks */ = {
			isa = PBXShellScriptBuildPhase;
			buildActionMask = 2147483647;
			files = (
			);
			inputFileListPaths = (
				"${PODS_ROOT}/Target Support Files/Pods-ExodusEnt/Pods-ExodusEnt-frameworks-${CONFIGURATION}-input-files.xcfilelist",
			);
			name = "[CP] Embed Pods Frameworks";
			outputFileListPaths = (
				"${PODS_ROOT}/Target Support Files/Pods-ExodusEnt/Pods-ExodusEnt-frameworks-${CONFIGURATION}-output-files.xcfilelist",
			);
			runOnlyForDeploymentPostprocessing = 0;
			shellPath = /bin/sh;
			shellScript = "\"${PODS_ROOT}/Target Support Files/Pods-ExodusEnt/Pods-ExodusEnt-frameworks.sh\"\n";
			showEnvVarsInLog = 0;
		};
		376C5912978F29B336B208B4 /* [CP] Check Pods Manifest.lock */ = {
			isa = PBXShellScriptBuildPhase;
			buildActionMask = 2147483647;
			files = (
			);
			inputFileListPaths = (
			);
			inputPaths = (
				"${PODS_PODFILE_DIR_PATH}/Podfile.lock",
				"${PODS_ROOT}/Manifest.lock",
			);
			name = "[CP] Check Pods Manifest.lock";
			outputFileListPaths = (
			);
			outputPaths = (
				"$(DERIVED_FILE_DIR)/Pods-ExodusEntTests-checkManifestLockResult.txt",
			);
			runOnlyForDeploymentPostprocessing = 0;
			shellPath = /bin/sh;
			shellScript = "diff \"${PODS_PODFILE_DIR_PATH}/Podfile.lock\" \"${PODS_ROOT}/Manifest.lock\" > /dev/null\nif [ $? != 0 ] ; then\n    # print error to STDERR\n    echo \"error: The sandbox is not in sync with the Podfile.lock. Run 'pod install' or update your CocoaPods installation.\" >&2\n    exit 1\nfi\n# This output is used by Xcode 'outputs' to avoid re-running this script phase.\necho \"SUCCESS\" > \"${SCRIPT_OUTPUT_FILE_0}\"\n";
			showEnvVarsInLog = 0;
		};
		6B0C07E9FE3E38DDCB1CA92F /* [CP] Check Pods Manifest.lock */ = {
			isa = PBXShellScriptBuildPhase;
			buildActionMask = 2147483647;
			files = (
			);
			inputFileListPaths = (
			);
			inputPaths = (
				"${PODS_PODFILE_DIR_PATH}/Podfile.lock",
				"${PODS_ROOT}/Manifest.lock",
			);
			name = "[CP] Check Pods Manifest.lock";
			outputFileListPaths = (
			);
			outputPaths = (
				"$(DERIVED_FILE_DIR)/Pods-ExodusEnt-checkManifestLockResult.txt",
			);
			runOnlyForDeploymentPostprocessing = 0;
			shellPath = /bin/sh;
			shellScript = "diff \"${PODS_PODFILE_DIR_PATH}/Podfile.lock\" \"${PODS_ROOT}/Manifest.lock\" > /dev/null\nif [ $? != 0 ] ; then\n    # print error to STDERR\n    echo \"error: The sandbox is not in sync with the Podfile.lock. Run 'pod install' or update your CocoaPods installation.\" >&2\n    exit 1\nfi\n# This output is used by Xcode 'outputs' to avoid re-running this script phase.\necho \"SUCCESS\" > \"${SCRIPT_OUTPUT_FILE_0}\"\n";
			showEnvVarsInLog = 0;
		};
		7E9CF65A945E5FDAFDF351BF /* [CP] Check Pods Manifest.lock */ = {
			isa = PBXShellScriptBuildPhase;
			buildActionMask = 2147483647;
			files = (
			);
			inputFileListPaths = (
			);
			inputPaths = (
				"${PODS_PODFILE_DIR_PATH}/Podfile.lock",
				"${PODS_ROOT}/Manifest.lock",
			);
			name = "[CP] Check Pods Manifest.lock";
			outputFileListPaths = (
			);
			outputPaths = (
				"$(DERIVED_FILE_DIR)/Pods-ExodusEnt-ExodusEntUITests-checkManifestLockResult.txt",
			);
			runOnlyForDeploymentPostprocessing = 0;
			shellPath = /bin/sh;
			shellScript = "diff \"${PODS_PODFILE_DIR_PATH}/Podfile.lock\" \"${PODS_ROOT}/Manifest.lock\" > /dev/null\nif [ $? != 0 ] ; then\n    # print error to STDERR\n    echo \"error: The sandbox is not in sync with the Podfile.lock. Run 'pod install' or update your CocoaPods installation.\" >&2\n    exit 1\nfi\n# This output is used by Xcode 'outputs' to avoid re-running this script phase.\necho \"SUCCESS\" > \"${SCRIPT_OUTPUT_FILE_0}\"\n";
			showEnvVarsInLog = 0;
		};
		F6C687BAC9ABB0C2BDFC591A /* [CP] Embed Pods Frameworks */ = {
			isa = PBXShellScriptBuildPhase;
			buildActionMask = 2147483647;
			files = (
			);
			inputFileListPaths = (
				"${PODS_ROOT}/Target Support Files/Pods-ExodusEnt-ExodusEntUITests/Pods-ExodusEnt-ExodusEntUITests-frameworks-${CONFIGURATION}-input-files.xcfilelist",
			);
			name = "[CP] Embed Pods Frameworks";
			outputFileListPaths = (
				"${PODS_ROOT}/Target Support Files/Pods-ExodusEnt-ExodusEntUITests/Pods-ExodusEnt-ExodusEntUITests-frameworks-${CONFIGURATION}-output-files.xcfilelist",
			);
			runOnlyForDeploymentPostprocessing = 0;
			shellPath = /bin/sh;
			shellScript = "\"${PODS_ROOT}/Target Support Files/Pods-ExodusEnt-ExodusEntUITests/Pods-ExodusEnt-ExodusEntUITests-frameworks.sh\"\n";
			showEnvVarsInLog = 0;
		};
/* End PBXShellScriptBuildPhase section */

/* Begin PBXSourcesBuildPhase section */
		E36D9BC128C712FB008F7515 /* Sources */ = {
			isa = PBXSourcesBuildPhase;
			buildActionMask = 2147483647;
			files = (
				E3ABA518290274D300C1A2F4 /* SoloboyViewController.swift in Sources */,
				E335177C28FE9A6A001B7D2B /* RangKingViewController.swift in Sources */,
				E3943540294C2C9A0070E597 /* TwiterViewController.swift in Sources */,
				E38D03C628FFCEDC00C30649 /* MainViewController.swift in Sources */,
				E388A61F28E560E500B858E7 /* NickNameViewController.swift in Sources */,
				E36D9BF928C7155B008F7515 /* SignUpViewController.swift in Sources */,
				E3ABA51E2902758B00C1A2F4 /* GroupGireViewController.swift in Sources */,
				E39C77D62950323200871C95 /* MainBannerViewController.swift in Sources */,
				E39C77D42950273D00871C95 /* BannerCell.swift in Sources */,
				E39C77D22950272500871C95 /* MainBannerCell.swift in Sources */,
				0432600B2A6F8A3500AFCF55 /* MyInfoViewController2.swift in Sources */,
				E34C999A28E589BB00217BCD /* SearchBarViewController.swift in Sources */,
				E3A800D52946B27B008F023F /* CountyViewController.swift in Sources */,
				E3943542294C2CB60070E597 /* NaverViewController.swift in Sources */,
				E394353E294C2C890070E597 /* InstarGramViewController.swift in Sources */,
				E36869C92952D3A200269401 /* BoySoloTableCell.swift in Sources */,
				E351A3F829498DC300BDB677 /* MyInfoViewController.swift in Sources */,
				E351A3F629498D7600BDB677 /* ContentsViewController.swift in Sources */,
				E351A3F4294718E500BDB677 /* TabBarViewController.swift in Sources */,
				E36D9BC928C712FB008F7515 /* AppDelegate.swift in Sources */,
				E33882A128F935F5003311C4 /* LoveIdolViewController.swift in Sources */,
				E36869CF2952D3EA00269401 /* GireGroupTableCell.swift in Sources */,
				E36869D12952DAB800269401 /* ContentCell.swift in Sources */,
				E36869CD2952D3D800269401 /* BoyGroupTableCell.swift in Sources */,
				04D2B3572A6828F000C9B157 /* BasePaddingLabel.swift in Sources */,
				E3943544294C2CCD0070E597 /* KakaoViewController.swift in Sources */,
				E36D9BCB28C712FB008F7515 /* SceneDelegate.swift in Sources */,
				E394354B294C5BED0070E597 /* NewsSegmented.swift in Sources */,
				E3319524294AF5DE0035D27E /* segment.swift in Sources */,
				E3ABA51A2902753400C1A2F4 /* SoloGireViewController.swift in Sources */,
				E349846328E29C7D0005A55A /* AgreementViewController.swift in Sources */,
				E3A800D12941CB8B008F023F /* ReferralCodeViewController.swift in Sources */,
				043260092A6F8A2D00AFCF55 /* MyInfoViewController1.swift in Sources */,
				E387A4C328E6C15700DB3471 /* ListViewController.swift in Sources */,
				E35718D6293F029C009B2910 /* TableCell.swift in Sources */,
				043A65FE29C44A8C00311A47 /* ProfileViewController.swift in Sources */,
				E36869CB2952D3B700269401 /* GireSoloTableCell.swift in Sources */,
				E3ABA51C2902757400C1A2F4 /* GroupBoyViewController.swift in Sources */,
			);
			runOnlyForDeploymentPostprocessing = 0;
		};
		E36D9BD728C712FD008F7515 /* Sources */ = {
			isa = PBXSourcesBuildPhase;
			buildActionMask = 2147483647;
			files = (
				E36D9BE028C712FD008F7515 /* ExodusEntTests.swift in Sources */,
			);
			runOnlyForDeploymentPostprocessing = 0;
		};
		E36D9BE128C712FD008F7515 /* Sources */ = {
			isa = PBXSourcesBuildPhase;
			buildActionMask = 2147483647;
			files = (
				E36D9BEC28C712FD008F7515 /* ExodusEntUITestsLaunchTests.swift in Sources */,
				E36D9BEA28C712FD008F7515 /* ExodusEntUITests.swift in Sources */,
			);
			runOnlyForDeploymentPostprocessing = 0;
		};
/* End PBXSourcesBuildPhase section */

/* Begin PBXTargetDependency section */
		E36D9BDD28C712FD008F7515 /* PBXTargetDependency */ = {
			isa = PBXTargetDependency;
			target = E36D9BC428C712FB008F7515 /* ExodusEnt */;
			targetProxy = E36D9BDC28C712FD008F7515 /* PBXContainerItemProxy */;
		};
		E36D9BE728C712FD008F7515 /* PBXTargetDependency */ = {
			isa = PBXTargetDependency;
			target = E36D9BC428C712FB008F7515 /* ExodusEnt */;
			targetProxy = E36D9BE628C712FD008F7515 /* PBXContainerItemProxy */;
		};
/* End PBXTargetDependency section */

/* Begin PBXVariantGroup section */
		E36D9BCE28C712FB008F7515 /* Main.storyboard */ = {
			isa = PBXVariantGroup;
			children = (
				E36D9BCF28C712FB008F7515 /* Base */,
			);
			name = Main.storyboard;
			sourceTree = "<group>";
		};
		E36D9BD328C712FD008F7515 /* LaunchScreen.storyboard */ = {
			isa = PBXVariantGroup;
			children = (
				E36D9BD428C712FD008F7515 /* Base */,
			);
			name = LaunchScreen.storyboard;
			sourceTree = "<group>";
		};
/* End PBXVariantGroup section */

/* Begin XCBuildConfiguration section */
		E36D9BED28C712FD008F7515 /* Debug */ = {
			isa = XCBuildConfiguration;
			buildSettings = {
				ALWAYS_SEARCH_USER_PATHS = NO;
				CLANG_ANALYZER_NONNULL = YES;
				CLANG_ANALYZER_NUMBER_OBJECT_CONVERSION = YES_AGGRESSIVE;
				CLANG_CXX_LANGUAGE_STANDARD = "gnu++17";
				CLANG_ENABLE_MODULES = YES;
				CLANG_ENABLE_OBJC_ARC = YES;
				CLANG_ENABLE_OBJC_WEAK = YES;
				CLANG_WARN_BLOCK_CAPTURE_AUTORELEASING = YES;
				CLANG_WARN_BOOL_CONVERSION = YES;
				CLANG_WARN_COMMA = YES;
				CLANG_WARN_CONSTANT_CONVERSION = YES;
				CLANG_WARN_DEPRECATED_OBJC_IMPLEMENTATIONS = YES;
				CLANG_WARN_DIRECT_OBJC_ISA_USAGE = YES_ERROR;
				CLANG_WARN_DOCUMENTATION_COMMENTS = YES;
				CLANG_WARN_EMPTY_BODY = YES;
				CLANG_WARN_ENUM_CONVERSION = YES;
				CLANG_WARN_INFINITE_RECURSION = YES;
				CLANG_WARN_INT_CONVERSION = YES;
				CLANG_WARN_NON_LITERAL_NULL_CONVERSION = YES;
				CLANG_WARN_OBJC_IMPLICIT_RETAIN_SELF = YES;
				CLANG_WARN_OBJC_LITERAL_CONVERSION = YES;
				CLANG_WARN_OBJC_ROOT_CLASS = YES_ERROR;
				CLANG_WARN_QUOTED_INCLUDE_IN_FRAMEWORK_HEADER = YES;
				CLANG_WARN_RANGE_LOOP_ANALYSIS = YES;
				CLANG_WARN_STRICT_PROTOTYPES = YES;
				CLANG_WARN_SUSPICIOUS_MOVE = YES;
				CLANG_WARN_UNGUARDED_AVAILABILITY = YES_AGGRESSIVE;
				CLANG_WARN_UNREACHABLE_CODE = YES;
				CLANG_WARN__DUPLICATE_METHOD_MATCH = YES;
				COPY_PHASE_STRIP = NO;
				DEBUG_INFORMATION_FORMAT = dwarf;
				ENABLE_STRICT_OBJC_MSGSEND = YES;
				ENABLE_TESTABILITY = YES;
				GCC_C_LANGUAGE_STANDARD = gnu11;
				GCC_DYNAMIC_NO_PIC = NO;
				GCC_NO_COMMON_BLOCKS = YES;
				GCC_OPTIMIZATION_LEVEL = 0;
				GCC_PREPROCESSOR_DEFINITIONS = (
					"DEBUG=1",
					"$(inherited)",
				);
				GCC_WARN_64_TO_32_BIT_CONVERSION = YES;
				GCC_WARN_ABOUT_RETURN_TYPE = YES_ERROR;
				GCC_WARN_UNDECLARED_SELECTOR = YES;
				GCC_WARN_UNINITIALIZED_AUTOS = YES_AGGRESSIVE;
				GCC_WARN_UNUSED_FUNCTION = YES;
				GCC_WARN_UNUSED_VARIABLE = YES;
				IPHONEOS_DEPLOYMENT_TARGET = 15.0;
				MTL_ENABLE_DEBUG_INFO = INCLUDE_SOURCE;
				MTL_FAST_MATH = YES;
				ONLY_ACTIVE_ARCH = YES;
				SDKROOT = iphoneos;
				SWIFT_ACTIVE_COMPILATION_CONDITIONS = DEBUG;
				SWIFT_OPTIMIZATION_LEVEL = "-Onone";
			};
			name = Debug;
		};
		E36D9BEE28C712FD008F7515 /* Release */ = {
			isa = XCBuildConfiguration;
			buildSettings = {
				ALWAYS_SEARCH_USER_PATHS = NO;
				CLANG_ANALYZER_NONNULL = YES;
				CLANG_ANALYZER_NUMBER_OBJECT_CONVERSION = YES_AGGRESSIVE;
				CLANG_CXX_LANGUAGE_STANDARD = "gnu++17";
				CLANG_ENABLE_MODULES = YES;
				CLANG_ENABLE_OBJC_ARC = YES;
				CLANG_ENABLE_OBJC_WEAK = YES;
				CLANG_WARN_BLOCK_CAPTURE_AUTORELEASING = YES;
				CLANG_WARN_BOOL_CONVERSION = YES;
				CLANG_WARN_COMMA = YES;
				CLANG_WARN_CONSTANT_CONVERSION = YES;
				CLANG_WARN_DEPRECATED_OBJC_IMPLEMENTATIONS = YES;
				CLANG_WARN_DIRECT_OBJC_ISA_USAGE = YES_ERROR;
				CLANG_WARN_DOCUMENTATION_COMMENTS = YES;
				CLANG_WARN_EMPTY_BODY = YES;
				CLANG_WARN_ENUM_CONVERSION = YES;
				CLANG_WARN_INFINITE_RECURSION = YES;
				CLANG_WARN_INT_CONVERSION = YES;
				CLANG_WARN_NON_LITERAL_NULL_CONVERSION = YES;
				CLANG_WARN_OBJC_IMPLICIT_RETAIN_SELF = YES;
				CLANG_WARN_OBJC_LITERAL_CONVERSION = YES;
				CLANG_WARN_OBJC_ROOT_CLASS = YES_ERROR;
				CLANG_WARN_QUOTED_INCLUDE_IN_FRAMEWORK_HEADER = YES;
				CLANG_WARN_RANGE_LOOP_ANALYSIS = YES;
				CLANG_WARN_STRICT_PROTOTYPES = YES;
				CLANG_WARN_SUSPICIOUS_MOVE = YES;
				CLANG_WARN_UNGUARDED_AVAILABILITY = YES_AGGRESSIVE;
				CLANG_WARN_UNREACHABLE_CODE = YES;
				CLANG_WARN__DUPLICATE_METHOD_MATCH = YES;
				COPY_PHASE_STRIP = NO;
				DEBUG_INFORMATION_FORMAT = "dwarf-with-dsym";
				ENABLE_NS_ASSERTIONS = NO;
				ENABLE_STRICT_OBJC_MSGSEND = YES;
				GCC_C_LANGUAGE_STANDARD = gnu11;
				GCC_NO_COMMON_BLOCKS = YES;
				GCC_WARN_64_TO_32_BIT_CONVERSION = YES;
				GCC_WARN_ABOUT_RETURN_TYPE = YES_ERROR;
				GCC_WARN_UNDECLARED_SELECTOR = YES;
				GCC_WARN_UNINITIALIZED_AUTOS = YES_AGGRESSIVE;
				GCC_WARN_UNUSED_FUNCTION = YES;
				GCC_WARN_UNUSED_VARIABLE = YES;
				IPHONEOS_DEPLOYMENT_TARGET = 15.0;
				MTL_ENABLE_DEBUG_INFO = NO;
				MTL_FAST_MATH = YES;
				SDKROOT = iphoneos;
				SWIFT_COMPILATION_MODE = wholemodule;
				SWIFT_OPTIMIZATION_LEVEL = "-O";
				VALIDATE_PRODUCT = YES;
			};
			name = Release;
		};
		E36D9BF028C712FD008F7515 /* Debug */ = {
			isa = XCBuildConfiguration;
			baseConfigurationReference = 0F20E788E805735476AF0E27 /* Pods-ExodusEnt.debug.xcconfig */;
			buildSettings = {
				ASSETCATALOG_COMPILER_APPICON_NAME = AppIcon;
				ASSETCATALOG_COMPILER_GLOBAL_ACCENT_COLOR_NAME = AccentColor;
				CODE_SIGN_ENTITLEMENTS = ExodusEnt/ExodusEnt.entitlements;
				CODE_SIGN_STYLE = Automatic;
				CURRENT_PROJECT_VERSION = 1;
				DEVELOPMENT_TEAM = V7YLDG597L;
				"EXCLUDED_ARCHS[sdk=*]" = arm64;
				FRAMEWORK_SEARCH_PATHS = (
					"$(inherited)",
					"$(PROJECT_DIR)/KakaoOpenSDK-1.23.10",
					"$(PROJECT_DIR)",
				);
				GENERATE_INFOPLIST_FILE = YES;
				INFOPLIST_FILE = ExodusEnt/Info.plist;
				INFOPLIST_KEY_UIApplicationSupportsIndirectInputEvents = YES;
				INFOPLIST_KEY_UILaunchStoryboardName = LaunchScreen;
				INFOPLIST_KEY_UIMainStoryboardFile = Main;
				INFOPLIST_KEY_UISupportedInterfaceOrientations_iPad = "UIInterfaceOrientationPortrait UIInterfaceOrientationPortraitUpsideDown UIInterfaceOrientationLandscapeLeft UIInterfaceOrientationLandscapeRight";
				INFOPLIST_KEY_UISupportedInterfaceOrientations_iPhone = "UIInterfaceOrientationPortrait UIInterfaceOrientationLandscapeLeft UIInterfaceOrientationLandscapeRight";
				IPHONEOS_DEPLOYMENT_TARGET = 15.0;
				LD_RUNPATH_SEARCH_PATHS = (
					"$(inherited)",
					"@executable_path/Frameworks",
				);
				MARKETING_VERSION = 1.0;
				ONLY_ACTIVE_ARCH = YES;
				OTHER_LDFLAGS = (
					"$(inherited)",
					"-ObjC",
					"-framework",
					"\"Alamofire\"",
					"-framework",
					"\"AppAuth\"",
					"-framework",
					"\"CFNetwork\"",
					"-framework",
					"\"CoreGraphics\"",
					"-framework",
					"\"CoreText\"",
					"-framework",
					"\"Foundation\"",
					"-framework",
					"\"GTMAppAuth\"",
					"-framework",
					"\"GTMSessionFetcher\"",
					"-framework",
					"\"GoogleSignIn\"",
					"-framework",
					"\"IQKeyboardManagerSwift\"",
					"-framework",
					"\"KakaoSDKAuth\"",
					"-framework",
					"\"KakaoSDKCommon\"",
					"-framework",
					"\"KakaoSDKUser\"",
					"-framework",
					"\"LocalAuthentication\"",
					"-framework",
					"\"QuartzCore\"",
					"-framework",
					"\"SafariServices\"",
					"-framework",
					"\"Security\"",
					"-framework",
					"\"SystemConfiguration\"",
					"-framework",
					"\"UIKit\"",
					"-weak_framework",
					"\"AuthenticationServices\"",
				);
				PRODUCT_BUNDLE_IDENTIFIER = com.jang.ExodusEnt;
				PRODUCT_NAME = "$(TARGET_NAME)";
				SWIFT_EMIT_LOC_STRINGS = YES;
				SWIFT_OBJC_BRIDGING_HEADER = "";
				SWIFT_VERSION = 5.0;
				TARGETED_DEVICE_FAMILY = "1,2";
			};
			name = Debug;
		};
		E36D9BF128C712FD008F7515 /* Release */ = {
			isa = XCBuildConfiguration;
			baseConfigurationReference = 247067FB178F8614615471D2 /* Pods-ExodusEnt.release.xcconfig */;
			buildSettings = {
				ASSETCATALOG_COMPILER_APPICON_NAME = AppIcon;
				ASSETCATALOG_COMPILER_GLOBAL_ACCENT_COLOR_NAME = AccentColor;
				CODE_SIGN_ENTITLEMENTS = ExodusEnt/ExodusEnt.entitlements;
				CODE_SIGN_STYLE = Automatic;
				CURRENT_PROJECT_VERSION = 1;
				DEVELOPMENT_TEAM = V7YLDG597L;
				"EXCLUDED_ARCHS[sdk=*]" = arm64;
				FRAMEWORK_SEARCH_PATHS = (
					"$(inherited)",
					"$(PROJECT_DIR)/KakaoOpenSDK-1.23.10",
					"$(PROJECT_DIR)",
				);
				GENERATE_INFOPLIST_FILE = YES;
				INFOPLIST_FILE = ExodusEnt/Info.plist;
				INFOPLIST_KEY_UIApplicationSupportsIndirectInputEvents = YES;
				INFOPLIST_KEY_UILaunchStoryboardName = LaunchScreen;
				INFOPLIST_KEY_UIMainStoryboardFile = Main;
				INFOPLIST_KEY_UISupportedInterfaceOrientations_iPad = "UIInterfaceOrientationPortrait UIInterfaceOrientationPortraitUpsideDown UIInterfaceOrientationLandscapeLeft UIInterfaceOrientationLandscapeRight";
				INFOPLIST_KEY_UISupportedInterfaceOrientations_iPhone = "UIInterfaceOrientationPortrait UIInterfaceOrientationLandscapeLeft UIInterfaceOrientationLandscapeRight";
				IPHONEOS_DEPLOYMENT_TARGET = 15.0;
				LD_RUNPATH_SEARCH_PATHS = (
					"$(inherited)",
					"@executable_path/Frameworks",
				);
				MARKETING_VERSION = 1.0;
				ONLY_ACTIVE_ARCH = YES;
				OTHER_LDFLAGS = (
					"$(inherited)",
					"-ObjC",
					"-framework",
					"\"Alamofire\"",
					"-framework",
					"\"AppAuth\"",
					"-framework",
					"\"CFNetwork\"",
					"-framework",
					"\"CoreGraphics\"",
					"-framework",
					"\"CoreText\"",
					"-framework",
					"\"Foundation\"",
					"-framework",
					"\"GTMAppAuth\"",
					"-framework",
					"\"GTMSessionFetcher\"",
					"-framework",
					"\"GoogleSignIn\"",
					"-framework",
					"\"IQKeyboardManagerSwift\"",
					"-framework",
					"\"KakaoSDKAuth\"",
					"-framework",
					"\"KakaoSDKCommon\"",
					"-framework",
					"\"KakaoSDKUser\"",
					"-framework",
					"\"LocalAuthentication\"",
					"-framework",
					"\"QuartzCore\"",
					"-framework",
					"\"SafariServices\"",
					"-framework",
					"\"Security\"",
					"-framework",
					"\"SystemConfiguration\"",
					"-framework",
					"\"UIKit\"",
					"-weak_framework",
					"\"AuthenticationServices\"",
				);
				PRODUCT_BUNDLE_IDENTIFIER = com.jang.ExodusEnt;
				PRODUCT_NAME = "$(TARGET_NAME)";
				SWIFT_EMIT_LOC_STRINGS = YES;
				SWIFT_OBJC_BRIDGING_HEADER = "";
				SWIFT_VERSION = 5.0;
				TARGETED_DEVICE_FAMILY = "1,2";
			};
			name = Release;
		};
		E36D9BF328C712FD008F7515 /* Debug */ = {
			isa = XCBuildConfiguration;
			baseConfigurationReference = 4FF0CBC8BD17BE029040B03B /* Pods-ExodusEntTests.debug.xcconfig */;
			buildSettings = {
				ALWAYS_EMBED_SWIFT_STANDARD_LIBRARIES = YES;
				BUNDLE_LOADER = "$(TEST_HOST)";
				CODE_SIGN_STYLE = Automatic;
				CURRENT_PROJECT_VERSION = 1;
				GENERATE_INFOPLIST_FILE = YES;
				IPHONEOS_DEPLOYMENT_TARGET = 15.5;
				MARKETING_VERSION = 1.0;
				PRODUCT_BUNDLE_IDENTIFIER = com.jang.ExodusEntTests;
				PRODUCT_NAME = "$(TARGET_NAME)";
				SWIFT_EMIT_LOC_STRINGS = NO;
				SWIFT_VERSION = 5.0;
				TARGETED_DEVICE_FAMILY = "1,2";
				TEST_HOST = "$(BUILT_PRODUCTS_DIR)/ExodusEnt.app/ExodusEnt";
			};
			name = Debug;
		};
		E36D9BF428C712FD008F7515 /* Release */ = {
			isa = XCBuildConfiguration;
			baseConfigurationReference = 7FFDC52C002AE0B8EF752A1C /* Pods-ExodusEntTests.release.xcconfig */;
			buildSettings = {
				ALWAYS_EMBED_SWIFT_STANDARD_LIBRARIES = YES;
				BUNDLE_LOADER = "$(TEST_HOST)";
				CODE_SIGN_STYLE = Automatic;
				CURRENT_PROJECT_VERSION = 1;
				GENERATE_INFOPLIST_FILE = YES;
				IPHONEOS_DEPLOYMENT_TARGET = 15.5;
				MARKETING_VERSION = 1.0;
				PRODUCT_BUNDLE_IDENTIFIER = com.jang.ExodusEntTests;
				PRODUCT_NAME = "$(TARGET_NAME)";
				SWIFT_EMIT_LOC_STRINGS = NO;
				SWIFT_VERSION = 5.0;
				TARGETED_DEVICE_FAMILY = "1,2";
				TEST_HOST = "$(BUILT_PRODUCTS_DIR)/ExodusEnt.app/ExodusEnt";
			};
			name = Release;
		};
		E36D9BF628C712FD008F7515 /* Debug */ = {
			isa = XCBuildConfiguration;
			baseConfigurationReference = F49386A3208E61062BD8E046 /* Pods-ExodusEnt-ExodusEntUITests.debug.xcconfig */;
			buildSettings = {
				ALWAYS_EMBED_SWIFT_STANDARD_LIBRARIES = YES;
				CODE_SIGN_STYLE = Automatic;
				CURRENT_PROJECT_VERSION = 1;
				GENERATE_INFOPLIST_FILE = YES;
				MARKETING_VERSION = 1.0;
				PRODUCT_BUNDLE_IDENTIFIER = com.jang.ExodusEntUITests;
				PRODUCT_NAME = "$(TARGET_NAME)";
				SWIFT_EMIT_LOC_STRINGS = NO;
				SWIFT_VERSION = 5.0;
				TARGETED_DEVICE_FAMILY = "1,2";
				TEST_TARGET_NAME = ExodusEnt;
			};
			name = Debug;
		};
		E36D9BF728C712FD008F7515 /* Release */ = {
			isa = XCBuildConfiguration;
			baseConfigurationReference = 6A34DC9AFB6AB8A784365CD6 /* Pods-ExodusEnt-ExodusEntUITests.release.xcconfig */;
			buildSettings = {
				ALWAYS_EMBED_SWIFT_STANDARD_LIBRARIES = YES;
				CODE_SIGN_STYLE = Automatic;
				CURRENT_PROJECT_VERSION = 1;
				GENERATE_INFOPLIST_FILE = YES;
				MARKETING_VERSION = 1.0;
				PRODUCT_BUNDLE_IDENTIFIER = com.jang.ExodusEntUITests;
				PRODUCT_NAME = "$(TARGET_NAME)";
				SWIFT_EMIT_LOC_STRINGS = NO;
				SWIFT_VERSION = 5.0;
				TARGETED_DEVICE_FAMILY = "1,2";
				TEST_TARGET_NAME = ExodusEnt;
			};
			name = Release;
		};
/* End XCBuildConfiguration section */

/* Begin XCConfigurationList section */
		E36D9BC028C712FB008F7515 /* Build configuration list for PBXProject "ExodusEnt" */ = {
			isa = XCConfigurationList;
			buildConfigurations = (
				E36D9BED28C712FD008F7515 /* Debug */,
				E36D9BEE28C712FD008F7515 /* Release */,
			);
			defaultConfigurationIsVisible = 0;
			defaultConfigurationName = Release;
		};
		E36D9BEF28C712FD008F7515 /* Build configuration list for PBXNativeTarget "ExodusEnt" */ = {
			isa = XCConfigurationList;
			buildConfigurations = (
				E36D9BF028C712FD008F7515 /* Debug */,
				E36D9BF128C712FD008F7515 /* Release */,
			);
			defaultConfigurationIsVisible = 0;
			defaultConfigurationName = Release;
		};
		E36D9BF228C712FD008F7515 /* Build configuration list for PBXNativeTarget "ExodusEntTests" */ = {
			isa = XCConfigurationList;
			buildConfigurations = (
				E36D9BF328C712FD008F7515 /* Debug */,
				E36D9BF428C712FD008F7515 /* Release */,
			);
			defaultConfigurationIsVisible = 0;
			defaultConfigurationName = Release;
		};
		E36D9BF528C712FD008F7515 /* Build configuration list for PBXNativeTarget "ExodusEntUITests" */ = {
			isa = XCConfigurationList;
			buildConfigurations = (
				E36D9BF628C712FD008F7515 /* Debug */,
				E36D9BF728C712FD008F7515 /* Release */,
			);
			defaultConfigurationIsVisible = 0;
			defaultConfigurationName = Release;
		};
/* End XCConfigurationList section */

/* Begin XCRemoteSwiftPackageReference section */
		046A552D2A8FDB4300D68CF9 /* XCRemoteSwiftPackageReference "firebase-ios-sdk.git" */ = {
			isa = XCRemoteSwiftPackageReference;
			repositoryURL = "https://github.com/firebase/firebase-ios-sdk.git";
			requirement = {
				kind = upToNextMajorVersion;
				minimumVersion = 10.0.0;
			};
		};
		046A55432A8FDC1300D68CF9 /* XCRemoteSwiftPackageReference "SDWebImage" */ = {
			isa = XCRemoteSwiftPackageReference;
			repositoryURL = "https://github.com/SDWebImage/SDWebImage";
			requirement = {
				kind = upToNextMajorVersion;
				minimumVersion = 5.0.0;
			};
		};
/* End XCRemoteSwiftPackageReference section */

/* Begin XCSwiftPackageProductDependency section */
		046A552E2A8FDB4300D68CF9 /* FirebaseAnalytics */ = {
			isa = XCSwiftPackageProductDependency;
			package = 046A552D2A8FDB4300D68CF9 /* XCRemoteSwiftPackageReference "firebase-ios-sdk.git" */;
			productName = FirebaseAnalytics;
		};
		046A55302A8FDB4300D68CF9 /* FirebaseAppCheck */ = {
			isa = XCSwiftPackageProductDependency;
			package = 046A552D2A8FDB4300D68CF9 /* XCRemoteSwiftPackageReference "firebase-ios-sdk.git" */;
			productName = FirebaseAppCheck;
		};
		046A55322A8FDB4300D68CF9 /* FirebaseAuth */ = {
			isa = XCSwiftPackageProductDependency;
			package = 046A552D2A8FDB4300D68CF9 /* XCRemoteSwiftPackageReference "firebase-ios-sdk.git" */;
			productName = FirebaseAuth;
		};
		046A55342A8FDB4300D68CF9 /* FirebaseDatabase */ = {
			isa = XCSwiftPackageProductDependency;
			package = 046A552D2A8FDB4300D68CF9 /* XCRemoteSwiftPackageReference "firebase-ios-sdk.git" */;
			productName = FirebaseDatabase;
		};
		046A55362A8FDB4300D68CF9 /* FirebaseDatabaseSwift */ = {
			isa = XCSwiftPackageProductDependency;
			package = 046A552D2A8FDB4300D68CF9 /* XCRemoteSwiftPackageReference "firebase-ios-sdk.git" */;
			productName = FirebaseDatabaseSwift;
		};
		046A55382A8FDB4300D68CF9 /* FirebaseFirestore */ = {
			isa = XCSwiftPackageProductDependency;
			package = 046A552D2A8FDB4300D68CF9 /* XCRemoteSwiftPackageReference "firebase-ios-sdk.git" */;
			productName = FirebaseFirestore;
		};
		046A553A2A8FDB4300D68CF9 /* FirebaseFirestoreSwift */ = {
			isa = XCSwiftPackageProductDependency;
			package = 046A552D2A8FDB4300D68CF9 /* XCRemoteSwiftPackageReference "firebase-ios-sdk.git" */;
			productName = FirebaseFirestoreSwift;
		};
		046A553C2A8FDB4300D68CF9 /* FirebaseStorage */ = {
			isa = XCSwiftPackageProductDependency;
			package = 046A552D2A8FDB4300D68CF9 /* XCRemoteSwiftPackageReference "firebase-ios-sdk.git" */;
			productName = FirebaseStorage;
		};
		046A55442A8FDC1300D68CF9 /* SDWebImage */ = {
			isa = XCSwiftPackageProductDependency;
			package = 046A55432A8FDC1300D68CF9 /* XCRemoteSwiftPackageReference "SDWebImage" */;
			productName = SDWebImage;
		};
/* End XCSwiftPackageProductDependency section */
	};
	rootObject = E36D9BBD28C712FB008F7515 /* Project object */;
}
